// !$*UTF8*$!
{
	archiveVersion = 1;
	classes = {
	};
	objectVersion = 46;
	objects = {

/* Begin PBXBuildFile section */
		0424D3E319F064A3004A80FF /* PlayerMenuViewController.swift in Sources */ = {isa = PBXBuildFile; fileRef = 0424D3E219F064A3004A80FF /* PlayerMenuViewController.swift */; };
		0424D3E519F0C91A004A80FF /* CardDeck.swift in Sources */ = {isa = PBXBuildFile; fileRef = 0424D3E419F0C91A004A80FF /* CardDeck.swift */; };
		04DC984419F19CD600D69596 /* GameWorld.swift in Sources */ = {isa = PBXBuildFile; fileRef = 04DC984319F19CD600D69596 /* GameWorld.swift */; };
		04DC984619F1A9CD00D69596 /* CloudConnection.swift in Sources */ = {isa = PBXBuildFile; fileRef = 04DC984519F1A9CD00D69596 /* CloudConnection.swift */; };
		04DC984819F1AB5F00D69596 /* StoreViewController.swift in Sources */ = {isa = PBXBuildFile; fileRef = 04DC984719F1AB5F00D69596 /* StoreViewController.swift */; };
		04FBB72A19EF8CDC00E763FC /* CameraController.swift in Sources */ = {isa = PBXBuildFile; fileRef = 04FBB72919EF8CDC00E763FC /* CameraController.swift */; };
		04FBB72C19EF8D1B00E763FC /* CardGroup.swift in Sources */ = {isa = PBXBuildFile; fileRef = 04FBB72B19EF8D1B00E763FC /* CardGroup.swift */; };
		04FBB72E19EF90E600E763FC /* PlayerController.swift in Sources */ = {isa = PBXBuildFile; fileRef = 04FBB72D19EF90E600E763FC /* PlayerController.swift */; };
		04FBB73019EF930300E763FC /* Table.swift in Sources */ = {isa = PBXBuildFile; fileRef = 04FBB72F19EF930300E763FC /* Table.swift */; };
		04FBB73219F060F700E763FC /* MultipeerConnection.swift in Sources */ = {isa = PBXBuildFile; fileRef = 04FBB73119F060F700E763FC /* MultipeerConnection.swift */; };
		04FBB73419F0616900E763FC /* LobbyViewController.swift in Sources */ = {isa = PBXBuildFile; fileRef = 04FBB73319F0616900E763FC /* LobbyViewController.swift */; };
		3252F23C19ECD92E00DFB721 /* AppDelegate.swift in Sources */ = {isa = PBXBuildFile; fileRef = 3252F23B19ECD92E00DFB721 /* AppDelegate.swift */; };
		3252F23E19ECD92E00DFB721 /* art.scnassets in Resources */ = {isa = PBXBuildFile; fileRef = 3252F23D19ECD92E00DFB721 /* art.scnassets */; };
		3252F24019ECD92E00DFB721 /* GameViewController.swift in Sources */ = {isa = PBXBuildFile; fileRef = 3252F23F19ECD92E00DFB721 /* GameViewController.swift */; };
		3252F24319ECD92E00DFB721 /* Main.storyboard in Resources */ = {isa = PBXBuildFile; fileRef = 3252F24119ECD92E00DFB721 /* Main.storyboard */; };
		3252F24519ECD92E00DFB721 /* Images.xcassets in Resources */ = {isa = PBXBuildFile; fileRef = 3252F24419ECD92E00DFB721 /* Images.xcassets */; };
		3252F24819ECD92E00DFB721 /* LaunchScreen.xib in Resources */ = {isa = PBXBuildFile; fileRef = 3252F24619ECD92E00DFB721 /* LaunchScreen.xib */; };
		3252F25419ECD92E00DFB721 /* CardPlayTests.swift in Sources */ = {isa = PBXBuildFile; fileRef = 3252F25319ECD92E00DFB721 /* CardPlayTests.swift */; };
		3252F29219EDCC5A00DFB721 /* green-felt.jpg in Resources */ = {isa = PBXBuildFile; fileRef = 3252F29119EDCC5A00DFB721 /* green-felt.jpg */; };
		32788CA419EE7A3C003EFD9E /* HandManager.swift in Sources */ = {isa = PBXBuildFile; fileRef = 32788CA319EE7A3C003EFD9E /* HandManager.swift */; };
		32DF23F519F254C70025F9A4 /* card-manifest.json in Resources */ = {isa = PBXBuildFile; fileRef = 32DF23F419F254C70025F9A4 /* card-manifest.json */; };
		32DF23F719F255160025F9A4 /* back-default.png in Resources */ = {isa = PBXBuildFile; fileRef = 32DF23F619F255160025F9A4 /* back-default.png */; };
		32DF243B19F255200025F9A4 /* 2_of_clubs.png in Resources */ = {isa = PBXBuildFile; fileRef = 32DF23F819F255200025F9A4 /* 2_of_clubs.png */; };
		32DF243C19F255200025F9A4 /* 2_of_diamonds.png in Resources */ = {isa = PBXBuildFile; fileRef = 32DF23F919F255200025F9A4 /* 2_of_diamonds.png */; };
		32DF243D19F255200025F9A4 /* 2_of_hearts.png in Resources */ = {isa = PBXBuildFile; fileRef = 32DF23FA19F255200025F9A4 /* 2_of_hearts.png */; };
		32DF243E19F255200025F9A4 /* 2_of_spades.png in Resources */ = {isa = PBXBuildFile; fileRef = 32DF23FB19F255200025F9A4 /* 2_of_spades.png */; };
		32DF243F19F255200025F9A4 /* 3_of_clubs.png in Resources */ = {isa = PBXBuildFile; fileRef = 32DF23FC19F255200025F9A4 /* 3_of_clubs.png */; };
		32DF244019F255200025F9A4 /* 3_of_diamonds.png in Resources */ = {isa = PBXBuildFile; fileRef = 32DF23FD19F255200025F9A4 /* 3_of_diamonds.png */; };
		32DF244119F255200025F9A4 /* 3_of_hearts.png in Resources */ = {isa = PBXBuildFile; fileRef = 32DF23FE19F255200025F9A4 /* 3_of_hearts.png */; };
		32DF244219F255200025F9A4 /* 3_of_spades.png in Resources */ = {isa = PBXBuildFile; fileRef = 32DF23FF19F255200025F9A4 /* 3_of_spades.png */; };
		32DF244319F255200025F9A4 /* 4_of_clubs.png in Resources */ = {isa = PBXBuildFile; fileRef = 32DF240019F255200025F9A4 /* 4_of_clubs.png */; };
		32DF244419F255200025F9A4 /* 4_of_diamonds.png in Resources */ = {isa = PBXBuildFile; fileRef = 32DF240119F255200025F9A4 /* 4_of_diamonds.png */; };
		32DF244519F255200025F9A4 /* 4_of_hearts.png in Resources */ = {isa = PBXBuildFile; fileRef = 32DF240219F255200025F9A4 /* 4_of_hearts.png */; };
		32DF244619F255200025F9A4 /* 4_of_spades.png in Resources */ = {isa = PBXBuildFile; fileRef = 32DF240319F255200025F9A4 /* 4_of_spades.png */; };
		32DF244719F255200025F9A4 /* 5_of_clubs.png in Resources */ = {isa = PBXBuildFile; fileRef = 32DF240419F255200025F9A4 /* 5_of_clubs.png */; };
		32DF244819F255200025F9A4 /* 5_of_diamonds.png in Resources */ = {isa = PBXBuildFile; fileRef = 32DF240519F255200025F9A4 /* 5_of_diamonds.png */; };
		32DF244919F255200025F9A4 /* 5_of_hearts.png in Resources */ = {isa = PBXBuildFile; fileRef = 32DF240619F255200025F9A4 /* 5_of_hearts.png */; };
		32DF244A19F255200025F9A4 /* 5_of_spades.png in Resources */ = {isa = PBXBuildFile; fileRef = 32DF240719F255200025F9A4 /* 5_of_spades.png */; };
		32DF244B19F255200025F9A4 /* 6_of_clubs.png in Resources */ = {isa = PBXBuildFile; fileRef = 32DF240819F255200025F9A4 /* 6_of_clubs.png */; };
		32DF244C19F255200025F9A4 /* 6_of_diamonds.png in Resources */ = {isa = PBXBuildFile; fileRef = 32DF240919F255200025F9A4 /* 6_of_diamonds.png */; };
		32DF244D19F255200025F9A4 /* 6_of_hearts.png in Resources */ = {isa = PBXBuildFile; fileRef = 32DF240A19F255200025F9A4 /* 6_of_hearts.png */; };
		32DF244E19F255200025F9A4 /* 6_of_spades.png in Resources */ = {isa = PBXBuildFile; fileRef = 32DF240B19F255200025F9A4 /* 6_of_spades.png */; };
		32DF244F19F255200025F9A4 /* 7_of_clubs.png in Resources */ = {isa = PBXBuildFile; fileRef = 32DF240C19F255200025F9A4 /* 7_of_clubs.png */; };
		32DF245019F255200025F9A4 /* 7_of_diamonds.png in Resources */ = {isa = PBXBuildFile; fileRef = 32DF240D19F255200025F9A4 /* 7_of_diamonds.png */; };
		32DF245119F255200025F9A4 /* 7_of_hearts.png in Resources */ = {isa = PBXBuildFile; fileRef = 32DF240E19F255200025F9A4 /* 7_of_hearts.png */; };
		32DF245219F255200025F9A4 /* 7_of_spades.png in Resources */ = {isa = PBXBuildFile; fileRef = 32DF240F19F255200025F9A4 /* 7_of_spades.png */; };
		32DF245319F255200025F9A4 /* 8_of_clubs.png in Resources */ = {isa = PBXBuildFile; fileRef = 32DF241019F255200025F9A4 /* 8_of_clubs.png */; };
		32DF245419F255200025F9A4 /* 8_of_diamonds.png in Resources */ = {isa = PBXBuildFile; fileRef = 32DF241119F255200025F9A4 /* 8_of_diamonds.png */; };
		32DF245519F255200025F9A4 /* 8_of_hearts.png in Resources */ = {isa = PBXBuildFile; fileRef = 32DF241219F255200025F9A4 /* 8_of_hearts.png */; };
		32DF245619F255200025F9A4 /* 8_of_spades.png in Resources */ = {isa = PBXBuildFile; fileRef = 32DF241319F255200025F9A4 /* 8_of_spades.png */; };
		32DF245719F255200025F9A4 /* 9_of_clubs.png in Resources */ = {isa = PBXBuildFile; fileRef = 32DF241419F255200025F9A4 /* 9_of_clubs.png */; };
		32DF245819F255200025F9A4 /* 9_of_diamonds.png in Resources */ = {isa = PBXBuildFile; fileRef = 32DF241519F255200025F9A4 /* 9_of_diamonds.png */; };
		32DF245919F255200025F9A4 /* 9_of_hearts.png in Resources */ = {isa = PBXBuildFile; fileRef = 32DF241619F255200025F9A4 /* 9_of_hearts.png */; };
		32DF245A19F255200025F9A4 /* 9_of_spades.png in Resources */ = {isa = PBXBuildFile; fileRef = 32DF241719F255200025F9A4 /* 9_of_spades.png */; };
		32DF245B19F255200025F9A4 /* 10_of_clubs.png in Resources */ = {isa = PBXBuildFile; fileRef = 32DF241819F255200025F9A4 /* 10_of_clubs.png */; };
		32DF245C19F255200025F9A4 /* 10_of_diamonds.png in Resources */ = {isa = PBXBuildFile; fileRef = 32DF241919F255200025F9A4 /* 10_of_diamonds.png */; };
		32DF245D19F255200025F9A4 /* 10_of_hearts.png in Resources */ = {isa = PBXBuildFile; fileRef = 32DF241A19F255200025F9A4 /* 10_of_hearts.png */; };
		32DF245E19F255200025F9A4 /* 10_of_spades.png in Resources */ = {isa = PBXBuildFile; fileRef = 32DF241B19F255200025F9A4 /* 10_of_spades.png */; };
		32DF245F19F255200025F9A4 /* ace_of_clubs.png in Resources */ = {isa = PBXBuildFile; fileRef = 32DF241C19F255200025F9A4 /* ace_of_clubs.png */; };
		32DF246019F255200025F9A4 /* ace_of_diamonds.png in Resources */ = {isa = PBXBuildFile; fileRef = 32DF241D19F255200025F9A4 /* ace_of_diamonds.png */; };
		32DF246119F255200025F9A4 /* ace_of_hearts.png in Resources */ = {isa = PBXBuildFile; fileRef = 32DF241E19F255200025F9A4 /* ace_of_hearts.png */; };
		32DF246219F255200025F9A4 /* ace_of_spades.png in Resources */ = {isa = PBXBuildFile; fileRef = 32DF241F19F255200025F9A4 /* ace_of_spades.png */; };
		32DF246319F255200025F9A4 /* ace_of_spades2.png in Resources */ = {isa = PBXBuildFile; fileRef = 32DF242019F255200025F9A4 /* ace_of_spades2.png */; };
		32DF246419F255200025F9A4 /* black_joker.png in Resources */ = {isa = PBXBuildFile; fileRef = 32DF242119F255200025F9A4 /* black_joker.png */; };
		32DF246519F255200025F9A4 /* jack_of_clubs.png in Resources */ = {isa = PBXBuildFile; fileRef = 32DF242219F255200025F9A4 /* jack_of_clubs.png */; };
		32DF246619F255200025F9A4 /* jack_of_clubs2.png in Resources */ = {isa = PBXBuildFile; fileRef = 32DF242319F255200025F9A4 /* jack_of_clubs2.png */; };
		32DF246719F255200025F9A4 /* jack_of_diamonds.png in Resources */ = {isa = PBXBuildFile; fileRef = 32DF242419F255200025F9A4 /* jack_of_diamonds.png */; };
		32DF246819F255200025F9A4 /* jack_of_diamonds2.png in Resources */ = {isa = PBXBuildFile; fileRef = 32DF242519F255200025F9A4 /* jack_of_diamonds2.png */; };
		32DF246919F255200025F9A4 /* jack_of_hearts.png in Resources */ = {isa = PBXBuildFile; fileRef = 32DF242619F255200025F9A4 /* jack_of_hearts.png */; };
		32DF246A19F255200025F9A4 /* jack_of_hearts2.png in Resources */ = {isa = PBXBuildFile; fileRef = 32DF242719F255200025F9A4 /* jack_of_hearts2.png */; };
		32DF246B19F255200025F9A4 /* jack_of_spades.png in Resources */ = {isa = PBXBuildFile; fileRef = 32DF242819F255200025F9A4 /* jack_of_spades.png */; };
		32DF246C19F255200025F9A4 /* jack_of_spades2.png in Resources */ = {isa = PBXBuildFile; fileRef = 32DF242919F255200025F9A4 /* jack_of_spades2.png */; };
		32DF246D19F255200025F9A4 /* king_of_clubs.png in Resources */ = {isa = PBXBuildFile; fileRef = 32DF242A19F255200025F9A4 /* king_of_clubs.png */; };
		32DF246E19F255200025F9A4 /* king_of_clubs2.png in Resources */ = {isa = PBXBuildFile; fileRef = 32DF242B19F255200025F9A4 /* king_of_clubs2.png */; };
		32DF246F19F255200025F9A4 /* king_of_diamonds.png in Resources */ = {isa = PBXBuildFile; fileRef = 32DF242C19F255200025F9A4 /* king_of_diamonds.png */; };
		32DF247019F255200025F9A4 /* king_of_diamonds2.png in Resources */ = {isa = PBXBuildFile; fileRef = 32DF242D19F255200025F9A4 /* king_of_diamonds2.png */; };
		32DF247119F255200025F9A4 /* king_of_hearts.png in Resources */ = {isa = PBXBuildFile; fileRef = 32DF242E19F255200025F9A4 /* king_of_hearts.png */; };
		32DF247219F255200025F9A4 /* king_of_hearts2.png in Resources */ = {isa = PBXBuildFile; fileRef = 32DF242F19F255200025F9A4 /* king_of_hearts2.png */; };
		32DF247319F255200025F9A4 /* king_of_spades.png in Resources */ = {isa = PBXBuildFile; fileRef = 32DF243019F255200025F9A4 /* king_of_spades.png */; };
		32DF247419F255200025F9A4 /* king_of_spades2.png in Resources */ = {isa = PBXBuildFile; fileRef = 32DF243119F255200025F9A4 /* king_of_spades2.png */; };
		32DF247519F255200025F9A4 /* queen_of_clubs.png in Resources */ = {isa = PBXBuildFile; fileRef = 32DF243219F255200025F9A4 /* queen_of_clubs.png */; };
		32DF247619F255200025F9A4 /* queen_of_clubs2.png in Resources */ = {isa = PBXBuildFile; fileRef = 32DF243319F255200025F9A4 /* queen_of_clubs2.png */; };
		32DF247719F255200025F9A4 /* queen_of_diamonds.png in Resources */ = {isa = PBXBuildFile; fileRef = 32DF243419F255200025F9A4 /* queen_of_diamonds.png */; };
		32DF247819F255200025F9A4 /* queen_of_diamonds2.png in Resources */ = {isa = PBXBuildFile; fileRef = 32DF243519F255200025F9A4 /* queen_of_diamonds2.png */; };
		32DF247919F255200025F9A4 /* queen_of_hearts.png in Resources */ = {isa = PBXBuildFile; fileRef = 32DF243619F255200025F9A4 /* queen_of_hearts.png */; };
		32DF247A19F255200025F9A4 /* queen_of_hearts2.png in Resources */ = {isa = PBXBuildFile; fileRef = 32DF243719F255200025F9A4 /* queen_of_hearts2.png */; };
		32DF247B19F255200025F9A4 /* queen_of_spades.png in Resources */ = {isa = PBXBuildFile; fileRef = 32DF243819F255200025F9A4 /* queen_of_spades.png */; };
		32DF247C19F255200025F9A4 /* queen_of_spades2.png in Resources */ = {isa = PBXBuildFile; fileRef = 32DF243919F255200025F9A4 /* queen_of_spades2.png */; };
		32DF247D19F255200025F9A4 /* red_joker.png in Resources */ = {isa = PBXBuildFile; fileRef = 32DF243A19F255200025F9A4 /* red_joker.png */; };
		32DF247F19F318F30025F9A4 /* CardNode.swift in Sources */ = {isa = PBXBuildFile; fileRef = 32DF247E19F318F30025F9A4 /* CardNode.swift */; };
/* End PBXBuildFile section */

/* Begin PBXContainerItemProxy section */
		3252F24E19ECD92E00DFB721 /* PBXContainerItemProxy */ = {
			isa = PBXContainerItemProxy;
			containerPortal = 3252F22E19ECD92E00DFB721 /* Project object */;
			proxyType = 1;
			remoteGlobalIDString = 3252F23519ECD92E00DFB721;
			remoteInfo = CardPlay;
		};
/* End PBXContainerItemProxy section */

/* Begin PBXFileReference section */
		0424D3E219F064A3004A80FF /* PlayerMenuViewController.swift */ = {isa = PBXFileReference; fileEncoding = 4; lastKnownFileType = sourcecode.swift; path = PlayerMenuViewController.swift; sourceTree = "<group>"; };
		0424D3E419F0C91A004A80FF /* CardDeck.swift */ = {isa = PBXFileReference; fileEncoding = 4; lastKnownFileType = sourcecode.swift; path = CardDeck.swift; sourceTree = "<group>"; };
		04DC984319F19CD600D69596 /* GameWorld.swift */ = {isa = PBXFileReference; fileEncoding = 4; lastKnownFileType = sourcecode.swift; path = GameWorld.swift; sourceTree = "<group>"; };
		04DC984519F1A9CD00D69596 /* CloudConnection.swift */ = {isa = PBXFileReference; fileEncoding = 4; lastKnownFileType = sourcecode.swift; path = CloudConnection.swift; sourceTree = "<group>"; };
		04DC984719F1AB5F00D69596 /* StoreViewController.swift */ = {isa = PBXFileReference; fileEncoding = 4; lastKnownFileType = sourcecode.swift; path = StoreViewController.swift; sourceTree = "<group>"; };
		04FBB72919EF8CDC00E763FC /* CameraController.swift */ = {isa = PBXFileReference; fileEncoding = 4; lastKnownFileType = sourcecode.swift; path = CameraController.swift; sourceTree = "<group>"; };
		04FBB72B19EF8D1B00E763FC /* CardGroup.swift */ = {isa = PBXFileReference; fileEncoding = 4; lastKnownFileType = sourcecode.swift; path = CardGroup.swift; sourceTree = "<group>"; };
		04FBB72D19EF90E600E763FC /* PlayerController.swift */ = {isa = PBXFileReference; fileEncoding = 4; lastKnownFileType = sourcecode.swift; path = PlayerController.swift; sourceTree = "<group>"; };
		04FBB72F19EF930300E763FC /* Table.swift */ = {isa = PBXFileReference; fileEncoding = 4; lastKnownFileType = sourcecode.swift; path = Table.swift; sourceTree = "<group>"; };
		04FBB73119F060F700E763FC /* MultipeerConnection.swift */ = {isa = PBXFileReference; fileEncoding = 4; lastKnownFileType = sourcecode.swift; path = MultipeerConnection.swift; sourceTree = "<group>"; };
		04FBB73319F0616900E763FC /* LobbyViewController.swift */ = {isa = PBXFileReference; fileEncoding = 4; lastKnownFileType = sourcecode.swift; path = LobbyViewController.swift; sourceTree = "<group>"; };
		3252F23619ECD92E00DFB721 /* CardPlay.app */ = {isa = PBXFileReference; explicitFileType = wrapper.application; includeInIndex = 0; path = CardPlay.app; sourceTree = BUILT_PRODUCTS_DIR; };
		3252F23A19ECD92E00DFB721 /* Info.plist */ = {isa = PBXFileReference; lastKnownFileType = text.plist.xml; path = Info.plist; sourceTree = "<group>"; };
		3252F23B19ECD92E00DFB721 /* AppDelegate.swift */ = {isa = PBXFileReference; lastKnownFileType = sourcecode.swift; path = AppDelegate.swift; sourceTree = "<group>"; };
		3252F23D19ECD92E00DFB721 /* art.scnassets */ = {isa = PBXFileReference; lastKnownFileType = wrapper.scnassets; path = art.scnassets; sourceTree = "<group>"; };
		3252F23F19ECD92E00DFB721 /* GameViewController.swift */ = {isa = PBXFileReference; lastKnownFileType = sourcecode.swift; path = GameViewController.swift; sourceTree = "<group>"; };
		3252F24219ECD92E00DFB721 /* Base */ = {isa = PBXFileReference; lastKnownFileType = file.storyboard; name = Base; path = Base.lproj/Main.storyboard; sourceTree = "<group>"; };
		3252F24419ECD92E00DFB721 /* Images.xcassets */ = {isa = PBXFileReference; lastKnownFileType = folder.assetcatalog; path = Images.xcassets; sourceTree = "<group>"; };
		3252F24719ECD92E00DFB721 /* Base */ = {isa = PBXFileReference; lastKnownFileType = file.xib; name = Base; path = Base.lproj/LaunchScreen.xib; sourceTree = "<group>"; };
		3252F24D19ECD92E00DFB721 /* CardPlayTests.xctest */ = {isa = PBXFileReference; explicitFileType = wrapper.cfbundle; includeInIndex = 0; path = CardPlayTests.xctest; sourceTree = BUILT_PRODUCTS_DIR; };
		3252F25219ECD92E00DFB721 /* Info.plist */ = {isa = PBXFileReference; lastKnownFileType = text.plist.xml; path = Info.plist; sourceTree = "<group>"; };
		3252F25319ECD92E00DFB721 /* CardPlayTests.swift */ = {isa = PBXFileReference; lastKnownFileType = sourcecode.swift; path = CardPlayTests.swift; sourceTree = "<group>"; };
		3252F29119EDCC5A00DFB721 /* green-felt.jpg */ = {isa = PBXFileReference; lastKnownFileType = image.jpeg; name = "green-felt.jpg"; path = "CardPlay/art.scnassets/green-felt.jpg"; sourceTree = "<group>"; };
		32788CA319EE7A3C003EFD9E /* HandManager.swift */ = {isa = PBXFileReference; fileEncoding = 4; lastKnownFileType = sourcecode.swift; path = HandManager.swift; sourceTree = "<group>"; };
		32DF23F419F254C70025F9A4 /* card-manifest.json */ = {isa = PBXFileReference; fileEncoding = 4; lastKnownFileType = text.json; name = "card-manifest.json"; path = "assets/json/card-manifest.json"; sourceTree = "<group>"; };
		32DF23F619F255160025F9A4 /* back-default.png */ = {isa = PBXFileReference; lastKnownFileType = image.png; name = "back-default.png"; path = "assets/images/deck-default/back/back-default.png"; sourceTree = "<group>"; };
		32DF23F819F255200025F9A4 /* 2_of_clubs.png */ = {isa = PBXFileReference; lastKnownFileType = image.png; name = 2_of_clubs.png; path = "assets/images/deck-default/front/2_of_clubs.png"; sourceTree = "<group>"; };
		32DF23F919F255200025F9A4 /* 2_of_diamonds.png */ = {isa = PBXFileReference; lastKnownFileType = image.png; name = 2_of_diamonds.png; path = "assets/images/deck-default/front/2_of_diamonds.png"; sourceTree = "<group>"; };
		32DF23FA19F255200025F9A4 /* 2_of_hearts.png */ = {isa = PBXFileReference; lastKnownFileType = image.png; name = 2_of_hearts.png; path = "assets/images/deck-default/front/2_of_hearts.png"; sourceTree = "<group>"; };
		32DF23FB19F255200025F9A4 /* 2_of_spades.png */ = {isa = PBXFileReference; lastKnownFileType = image.png; name = 2_of_spades.png; path = "assets/images/deck-default/front/2_of_spades.png"; sourceTree = "<group>"; };
		32DF23FC19F255200025F9A4 /* 3_of_clubs.png */ = {isa = PBXFileReference; lastKnownFileType = image.png; name = 3_of_clubs.png; path = "assets/images/deck-default/front/3_of_clubs.png"; sourceTree = "<group>"; };
		32DF23FD19F255200025F9A4 /* 3_of_diamonds.png */ = {isa = PBXFileReference; lastKnownFileType = image.png; name = 3_of_diamonds.png; path = "assets/images/deck-default/front/3_of_diamonds.png"; sourceTree = "<group>"; };
		32DF23FE19F255200025F9A4 /* 3_of_hearts.png */ = {isa = PBXFileReference; lastKnownFileType = image.png; name = 3_of_hearts.png; path = "assets/images/deck-default/front/3_of_hearts.png"; sourceTree = "<group>"; };
		32DF23FF19F255200025F9A4 /* 3_of_spades.png */ = {isa = PBXFileReference; lastKnownFileType = image.png; name = 3_of_spades.png; path = "assets/images/deck-default/front/3_of_spades.png"; sourceTree = "<group>"; };
		32DF240019F255200025F9A4 /* 4_of_clubs.png */ = {isa = PBXFileReference; lastKnownFileType = image.png; name = 4_of_clubs.png; path = "assets/images/deck-default/front/4_of_clubs.png"; sourceTree = "<group>"; };
		32DF240119F255200025F9A4 /* 4_of_diamonds.png */ = {isa = PBXFileReference; lastKnownFileType = image.png; name = 4_of_diamonds.png; path = "assets/images/deck-default/front/4_of_diamonds.png"; sourceTree = "<group>"; };
		32DF240219F255200025F9A4 /* 4_of_hearts.png */ = {isa = PBXFileReference; lastKnownFileType = image.png; name = 4_of_hearts.png; path = "assets/images/deck-default/front/4_of_hearts.png"; sourceTree = "<group>"; };
		32DF240319F255200025F9A4 /* 4_of_spades.png */ = {isa = PBXFileReference; lastKnownFileType = image.png; name = 4_of_spades.png; path = "assets/images/deck-default/front/4_of_spades.png"; sourceTree = "<group>"; };
		32DF240419F255200025F9A4 /* 5_of_clubs.png */ = {isa = PBXFileReference; lastKnownFileType = image.png; name = 5_of_clubs.png; path = "assets/images/deck-default/front/5_of_clubs.png"; sourceTree = "<group>"; };
		32DF240519F255200025F9A4 /* 5_of_diamonds.png */ = {isa = PBXFileReference; lastKnownFileType = image.png; name = 5_of_diamonds.png; path = "assets/images/deck-default/front/5_of_diamonds.png"; sourceTree = "<group>"; };
		32DF240619F255200025F9A4 /* 5_of_hearts.png */ = {isa = PBXFileReference; lastKnownFileType = image.png; name = 5_of_hearts.png; path = "assets/images/deck-default/front/5_of_hearts.png"; sourceTree = "<group>"; };
		32DF240719F255200025F9A4 /* 5_of_spades.png */ = {isa = PBXFileReference; lastKnownFileType = image.png; name = 5_of_spades.png; path = "assets/images/deck-default/front/5_of_spades.png"; sourceTree = "<group>"; };
		32DF240819F255200025F9A4 /* 6_of_clubs.png */ = {isa = PBXFileReference; lastKnownFileType = image.png; name = 6_of_clubs.png; path = "assets/images/deck-default/front/6_of_clubs.png"; sourceTree = "<group>"; };
		32DF240919F255200025F9A4 /* 6_of_diamonds.png */ = {isa = PBXFileReference; lastKnownFileType = image.png; name = 6_of_diamonds.png; path = "assets/images/deck-default/front/6_of_diamonds.png"; sourceTree = "<group>"; };
		32DF240A19F255200025F9A4 /* 6_of_hearts.png */ = {isa = PBXFileReference; lastKnownFileType = image.png; name = 6_of_hearts.png; path = "assets/images/deck-default/front/6_of_hearts.png"; sourceTree = "<group>"; };
		32DF240B19F255200025F9A4 /* 6_of_spades.png */ = {isa = PBXFileReference; lastKnownFileType = image.png; name = 6_of_spades.png; path = "assets/images/deck-default/front/6_of_spades.png"; sourceTree = "<group>"; };
		32DF240C19F255200025F9A4 /* 7_of_clubs.png */ = {isa = PBXFileReference; lastKnownFileType = image.png; name = 7_of_clubs.png; path = "assets/images/deck-default/front/7_of_clubs.png"; sourceTree = "<group>"; };
		32DF240D19F255200025F9A4 /* 7_of_diamonds.png */ = {isa = PBXFileReference; lastKnownFileType = image.png; name = 7_of_diamonds.png; path = "assets/images/deck-default/front/7_of_diamonds.png"; sourceTree = "<group>"; };
		32DF240E19F255200025F9A4 /* 7_of_hearts.png */ = {isa = PBXFileReference; lastKnownFileType = image.png; name = 7_of_hearts.png; path = "assets/images/deck-default/front/7_of_hearts.png"; sourceTree = "<group>"; };
		32DF240F19F255200025F9A4 /* 7_of_spades.png */ = {isa = PBXFileReference; lastKnownFileType = image.png; name = 7_of_spades.png; path = "assets/images/deck-default/front/7_of_spades.png"; sourceTree = "<group>"; };
		32DF241019F255200025F9A4 /* 8_of_clubs.png */ = {isa = PBXFileReference; lastKnownFileType = image.png; name = 8_of_clubs.png; path = "assets/images/deck-default/front/8_of_clubs.png"; sourceTree = "<group>"; };
		32DF241119F255200025F9A4 /* 8_of_diamonds.png */ = {isa = PBXFileReference; lastKnownFileType = image.png; name = 8_of_diamonds.png; path = "assets/images/deck-default/front/8_of_diamonds.png"; sourceTree = "<group>"; };
		32DF241219F255200025F9A4 /* 8_of_hearts.png */ = {isa = PBXFileReference; lastKnownFileType = image.png; name = 8_of_hearts.png; path = "assets/images/deck-default/front/8_of_hearts.png"; sourceTree = "<group>"; };
		32DF241319F255200025F9A4 /* 8_of_spades.png */ = {isa = PBXFileReference; lastKnownFileType = image.png; name = 8_of_spades.png; path = "assets/images/deck-default/front/8_of_spades.png"; sourceTree = "<group>"; };
		32DF241419F255200025F9A4 /* 9_of_clubs.png */ = {isa = PBXFileReference; lastKnownFileType = image.png; name = 9_of_clubs.png; path = "assets/images/deck-default/front/9_of_clubs.png"; sourceTree = "<group>"; };
		32DF241519F255200025F9A4 /* 9_of_diamonds.png */ = {isa = PBXFileReference; lastKnownFileType = image.png; name = 9_of_diamonds.png; path = "assets/images/deck-default/front/9_of_diamonds.png"; sourceTree = "<group>"; };
		32DF241619F255200025F9A4 /* 9_of_hearts.png */ = {isa = PBXFileReference; lastKnownFileType = image.png; name = 9_of_hearts.png; path = "assets/images/deck-default/front/9_of_hearts.png"; sourceTree = "<group>"; };
		32DF241719F255200025F9A4 /* 9_of_spades.png */ = {isa = PBXFileReference; lastKnownFileType = image.png; name = 9_of_spades.png; path = "assets/images/deck-default/front/9_of_spades.png"; sourceTree = "<group>"; };
		32DF241819F255200025F9A4 /* 10_of_clubs.png */ = {isa = PBXFileReference; lastKnownFileType = image.png; name = 10_of_clubs.png; path = "assets/images/deck-default/front/10_of_clubs.png"; sourceTree = "<group>"; };
		32DF241919F255200025F9A4 /* 10_of_diamonds.png */ = {isa = PBXFileReference; lastKnownFileType = image.png; name = 10_of_diamonds.png; path = "assets/images/deck-default/front/10_of_diamonds.png"; sourceTree = "<group>"; };
		32DF241A19F255200025F9A4 /* 10_of_hearts.png */ = {isa = PBXFileReference; lastKnownFileType = image.png; name = 10_of_hearts.png; path = "assets/images/deck-default/front/10_of_hearts.png"; sourceTree = "<group>"; };
		32DF241B19F255200025F9A4 /* 10_of_spades.png */ = {isa = PBXFileReference; lastKnownFileType = image.png; name = 10_of_spades.png; path = "assets/images/deck-default/front/10_of_spades.png"; sourceTree = "<group>"; };
		32DF241C19F255200025F9A4 /* ace_of_clubs.png */ = {isa = PBXFileReference; lastKnownFileType = image.png; name = ace_of_clubs.png; path = "assets/images/deck-default/front/ace_of_clubs.png"; sourceTree = "<group>"; };
		32DF241D19F255200025F9A4 /* ace_of_diamonds.png */ = {isa = PBXFileReference; lastKnownFileType = image.png; name = ace_of_diamonds.png; path = "assets/images/deck-default/front/ace_of_diamonds.png"; sourceTree = "<group>"; };
		32DF241E19F255200025F9A4 /* ace_of_hearts.png */ = {isa = PBXFileReference; lastKnownFileType = image.png; name = ace_of_hearts.png; path = "assets/images/deck-default/front/ace_of_hearts.png"; sourceTree = "<group>"; };
		32DF241F19F255200025F9A4 /* ace_of_spades.png */ = {isa = PBXFileReference; lastKnownFileType = image.png; name = ace_of_spades.png; path = "assets/images/deck-default/front/ace_of_spades.png"; sourceTree = "<group>"; };
		32DF242019F255200025F9A4 /* ace_of_spades2.png */ = {isa = PBXFileReference; lastKnownFileType = image.png; name = ace_of_spades2.png; path = "assets/images/deck-default/front/ace_of_spades2.png"; sourceTree = "<group>"; };
		32DF242119F255200025F9A4 /* black_joker.png */ = {isa = PBXFileReference; lastKnownFileType = image.png; name = black_joker.png; path = "assets/images/deck-default/front/black_joker.png"; sourceTree = "<group>"; };
		32DF242219F255200025F9A4 /* jack_of_clubs.png */ = {isa = PBXFileReference; lastKnownFileType = image.png; name = jack_of_clubs.png; path = "assets/images/deck-default/front/jack_of_clubs.png"; sourceTree = "<group>"; };
		32DF242319F255200025F9A4 /* jack_of_clubs2.png */ = {isa = PBXFileReference; lastKnownFileType = image.png; name = jack_of_clubs2.png; path = "assets/images/deck-default/front/jack_of_clubs2.png"; sourceTree = "<group>"; };
		32DF242419F255200025F9A4 /* jack_of_diamonds.png */ = {isa = PBXFileReference; lastKnownFileType = image.png; name = jack_of_diamonds.png; path = "assets/images/deck-default/front/jack_of_diamonds.png"; sourceTree = "<group>"; };
		32DF242519F255200025F9A4 /* jack_of_diamonds2.png */ = {isa = PBXFileReference; lastKnownFileType = image.png; name = jack_of_diamonds2.png; path = "assets/images/deck-default/front/jack_of_diamonds2.png"; sourceTree = "<group>"; };
		32DF242619F255200025F9A4 /* jack_of_hearts.png */ = {isa = PBXFileReference; lastKnownFileType = image.png; name = jack_of_hearts.png; path = "assets/images/deck-default/front/jack_of_hearts.png"; sourceTree = "<group>"; };
		32DF242719F255200025F9A4 /* jack_of_hearts2.png */ = {isa = PBXFileReference; lastKnownFileType = image.png; name = jack_of_hearts2.png; path = "assets/images/deck-default/front/jack_of_hearts2.png"; sourceTree = "<group>"; };
		32DF242819F255200025F9A4 /* jack_of_spades.png */ = {isa = PBXFileReference; lastKnownFileType = image.png; name = jack_of_spades.png; path = "assets/images/deck-default/front/jack_of_spades.png"; sourceTree = "<group>"; };
		32DF242919F255200025F9A4 /* jack_of_spades2.png */ = {isa = PBXFileReference; lastKnownFileType = image.png; name = jack_of_spades2.png; path = "assets/images/deck-default/front/jack_of_spades2.png"; sourceTree = "<group>"; };
		32DF242A19F255200025F9A4 /* king_of_clubs.png */ = {isa = PBXFileReference; lastKnownFileType = image.png; name = king_of_clubs.png; path = "assets/images/deck-default/front/king_of_clubs.png"; sourceTree = "<group>"; };
		32DF242B19F255200025F9A4 /* king_of_clubs2.png */ = {isa = PBXFileReference; lastKnownFileType = image.png; name = king_of_clubs2.png; path = "assets/images/deck-default/front/king_of_clubs2.png"; sourceTree = "<group>"; };
		32DF242C19F255200025F9A4 /* king_of_diamonds.png */ = {isa = PBXFileReference; lastKnownFileType = image.png; name = king_of_diamonds.png; path = "assets/images/deck-default/front/king_of_diamonds.png"; sourceTree = "<group>"; };
		32DF242D19F255200025F9A4 /* king_of_diamonds2.png */ = {isa = PBXFileReference; lastKnownFileType = image.png; name = king_of_diamonds2.png; path = "assets/images/deck-default/front/king_of_diamonds2.png"; sourceTree = "<group>"; };
		32DF242E19F255200025F9A4 /* king_of_hearts.png */ = {isa = PBXFileReference; lastKnownFileType = image.png; name = king_of_hearts.png; path = "assets/images/deck-default/front/king_of_hearts.png"; sourceTree = "<group>"; };
		32DF242F19F255200025F9A4 /* king_of_hearts2.png */ = {isa = PBXFileReference; lastKnownFileType = image.png; name = king_of_hearts2.png; path = "assets/images/deck-default/front/king_of_hearts2.png"; sourceTree = "<group>"; };
		32DF243019F255200025F9A4 /* king_of_spades.png */ = {isa = PBXFileReference; lastKnownFileType = image.png; name = king_of_spades.png; path = "assets/images/deck-default/front/king_of_spades.png"; sourceTree = "<group>"; };
		32DF243119F255200025F9A4 /* king_of_spades2.png */ = {isa = PBXFileReference; lastKnownFileType = image.png; name = king_of_spades2.png; path = "assets/images/deck-default/front/king_of_spades2.png"; sourceTree = "<group>"; };
		32DF243219F255200025F9A4 /* queen_of_clubs.png */ = {isa = PBXFileReference; lastKnownFileType = image.png; name = queen_of_clubs.png; path = "assets/images/deck-default/front/queen_of_clubs.png"; sourceTree = "<group>"; };
		32DF243319F255200025F9A4 /* queen_of_clubs2.png */ = {isa = PBXFileReference; lastKnownFileType = image.png; name = queen_of_clubs2.png; path = "assets/images/deck-default/front/queen_of_clubs2.png"; sourceTree = "<group>"; };
		32DF243419F255200025F9A4 /* queen_of_diamonds.png */ = {isa = PBXFileReference; lastKnownFileType = image.png; name = queen_of_diamonds.png; path = "assets/images/deck-default/front/queen_of_diamonds.png"; sourceTree = "<group>"; };
		32DF243519F255200025F9A4 /* queen_of_diamonds2.png */ = {isa = PBXFileReference; lastKnownFileType = image.png; name = queen_of_diamonds2.png; path = "assets/images/deck-default/front/queen_of_diamonds2.png"; sourceTree = "<group>"; };
		32DF243619F255200025F9A4 /* queen_of_hearts.png */ = {isa = PBXFileReference; lastKnownFileType = image.png; name = queen_of_hearts.png; path = "assets/images/deck-default/front/queen_of_hearts.png"; sourceTree = "<group>"; };
		32DF243719F255200025F9A4 /* queen_of_hearts2.png */ = {isa = PBXFileReference; lastKnownFileType = image.png; name = queen_of_hearts2.png; path = "assets/images/deck-default/front/queen_of_hearts2.png"; sourceTree = "<group>"; };
		32DF243819F255200025F9A4 /* queen_of_spades.png */ = {isa = PBXFileReference; lastKnownFileType = image.png; name = queen_of_spades.png; path = "assets/images/deck-default/front/queen_of_spades.png"; sourceTree = "<group>"; };
		32DF243919F255200025F9A4 /* queen_of_spades2.png */ = {isa = PBXFileReference; lastKnownFileType = image.png; name = queen_of_spades2.png; path = "assets/images/deck-default/front/queen_of_spades2.png"; sourceTree = "<group>"; };
		32DF243A19F255200025F9A4 /* red_joker.png */ = {isa = PBXFileReference; lastKnownFileType = image.png; name = red_joker.png; path = "assets/images/deck-default/front/red_joker.png"; sourceTree = "<group>"; };
		32DF247E19F318F30025F9A4 /* CardNode.swift */ = {isa = PBXFileReference; fileEncoding = 4; lastKnownFileType = sourcecode.swift; path = CardNode.swift; sourceTree = "<group>"; };
/* End PBXFileReference section */

/* Begin PBXFrameworksBuildPhase section */
		3252F23319ECD92E00DFB721 /* Frameworks */ = {
			isa = PBXFrameworksBuildPhase;
			buildActionMask = 2147483647;
			files = (
			);
			runOnlyForDeploymentPostprocessing = 0;
		};
		3252F24A19ECD92E00DFB721 /* Frameworks */ = {
			isa = PBXFrameworksBuildPhase;
			buildActionMask = 2147483647;
			files = (
			);
			runOnlyForDeploymentPostprocessing = 0;
		};
/* End PBXFrameworksBuildPhase section */

/* Begin PBXGroup section */
		0424D3E619F0D6D1004A80FF /* Views */ = {
			isa = PBXGroup;
			children = (
				3252F23F19ECD92E00DFB721 /* GameViewController.swift */,
				0424D3E219F064A3004A80FF /* PlayerMenuViewController.swift */,
				04FBB73319F0616900E763FC /* LobbyViewController.swift */,
				04DC984719F1AB5F00D69596 /* StoreViewController.swift */,
			);
			name = Views;
			sourceTree = "<group>";
		};
		0424D3E719F0D6E0004A80FF /* GameWorld */ = {
			isa = PBXGroup;
			children = (
				32DF247E19F318F30025F9A4 /* CardNode.swift */,
				32788CA319EE7A3C003EFD9E /* HandManager.swift */,
				04FBB72919EF8CDC00E763FC /* CameraController.swift */,
				04FBB72B19EF8D1B00E763FC /* CardGroup.swift */,
				04FBB72D19EF90E600E763FC /* PlayerController.swift */,
				04FBB72F19EF930300E763FC /* Table.swift */,
				0424D3E419F0C91A004A80FF /* CardDeck.swift */,
				04DC984319F19CD600D69596 /* GameWorld.swift */,
			);
			name = GameWorld;
			sourceTree = "<group>";
		};
		0424D3E819F0D6FA004A80FF /* Connectivity */ = {
			isa = PBXGroup;
			children = (
				04FBB73119F060F700E763FC /* MultipeerConnection.swift */,
				04DC984519F1A9CD00D69596 /* CloudConnection.swift */,
			);
			name = Connectivity;
			sourceTree = "<group>";
		};
		3252F22D19ECD92E00DFB721 = {
			isa = PBXGroup;
			children = (
				3252F28F19EDCC4900DFB721 /* Resources */,
				3252F23819ECD92E00DFB721 /* CardPlay */,
				3252F25019ECD92E00DFB721 /* CardPlayTests */,
				3252F23719ECD92E00DFB721 /* Products */,
			);
			sourceTree = "<group>";
		};
		3252F23719ECD92E00DFB721 /* Products */ = {
			isa = PBXGroup;
			children = (
				3252F23619ECD92E00DFB721 /* CardPlay.app */,
				3252F24D19ECD92E00DFB721 /* CardPlayTests.xctest */,
			);
			name = Products;
			sourceTree = "<group>";
		};
		3252F23819ECD92E00DFB721 /* CardPlay */ = {
			isa = PBXGroup;
			children = (
				0424D3E819F0D6FA004A80FF /* Connectivity */,
				0424D3E719F0D6E0004A80FF /* GameWorld */,
				0424D3E619F0D6D1004A80FF /* Views */,
				3252F24419ECD92E00DFB721 /* Images.xcassets */,
				3252F23D19ECD92E00DFB721 /* art.scnassets */,
				3252F24119ECD92E00DFB721 /* Main.storyboard */,
				3252F24619ECD92E00DFB721 /* LaunchScreen.xib */,
				3252F23B19ECD92E00DFB721 /* AppDelegate.swift */,
				3252F23919ECD92E00DFB721 /* Supporting Files */,
			);
			path = CardPlay;
			sourceTree = "<group>";
		};
		3252F23919ECD92E00DFB721 /* Supporting Files */ = {
			isa = PBXGroup;
			children = (
				3252F23A19ECD92E00DFB721 /* Info.plist */,
			);
			name = "Supporting Files";
			sourceTree = "<group>";
		};
		3252F25019ECD92E00DFB721 /* CardPlayTests */ = {
			isa = PBXGroup;
			children = (
				3252F25319ECD92E00DFB721 /* CardPlayTests.swift */,
				3252F25119ECD92E00DFB721 /* Supporting Files */,
			);
			path = CardPlayTests;
			sourceTree = "<group>";
		};
		3252F25119ECD92E00DFB721 /* Supporting Files */ = {
			isa = PBXGroup;
			children = (
				3252F25219ECD92E00DFB721 /* Info.plist */,
			);
			name = "Supporting Files";
			sourceTree = "<group>";
		};
		3252F28F19EDCC4900DFB721 /* Resources */ = {
			isa = PBXGroup;
			children = (
				32DF23F319F254860025F9A4 /* json */,
				3252F29019EDCC5000DFB721 /* images */,
			);
			name = Resources;
			sourceTree = "<group>";
		};
		3252F29019EDCC5000DFB721 /* images */ = {
			isa = PBXGroup;
			children = (
				32DF23F219F254770025F9A4 /* environment */,
				32DF23F119F254660025F9A4 /* front */,
				3252F29319EDD5FA00DFB721 /* back */,
			);
			name = images;
			sourceTree = "<group>";
		};
		3252F29319EDD5FA00DFB721 /* back */ = {
			isa = PBXGroup;
			children = (
				32DF23F619F255160025F9A4 /* back-default.png */,
			);
			name = back;
			sourceTree = "<group>";
		};
		32DF23F119F254660025F9A4 /* front */ = {
			isa = PBXGroup;
			children = (
				32DF23F819F255200025F9A4 /* 2_of_clubs.png */,
				32DF23F919F255200025F9A4 /* 2_of_diamonds.png */,
				32DF23FA19F255200025F9A4 /* 2_of_hearts.png */,
				32DF23FB19F255200025F9A4 /* 2_of_spades.png */,
				32DF23FC19F255200025F9A4 /* 3_of_clubs.png */,
				32DF23FD19F255200025F9A4 /* 3_of_diamonds.png */,
				32DF23FE19F255200025F9A4 /* 3_of_hearts.png */,
				32DF23FF19F255200025F9A4 /* 3_of_spades.png */,
				32DF240019F255200025F9A4 /* 4_of_clubs.png */,
				32DF240119F255200025F9A4 /* 4_of_diamonds.png */,
				32DF240219F255200025F9A4 /* 4_of_hearts.png */,
				32DF240319F255200025F9A4 /* 4_of_spades.png */,
				32DF240419F255200025F9A4 /* 5_of_clubs.png */,
				32DF240519F255200025F9A4 /* 5_of_diamonds.png */,
				32DF240619F255200025F9A4 /* 5_of_hearts.png */,
				32DF240719F255200025F9A4 /* 5_of_spades.png */,
				32DF240819F255200025F9A4 /* 6_of_clubs.png */,
				32DF240919F255200025F9A4 /* 6_of_diamonds.png */,
				32DF240A19F255200025F9A4 /* 6_of_hearts.png */,
				32DF240B19F255200025F9A4 /* 6_of_spades.png */,
				32DF240C19F255200025F9A4 /* 7_of_clubs.png */,
				32DF240D19F255200025F9A4 /* 7_of_diamonds.png */,
				32DF240E19F255200025F9A4 /* 7_of_hearts.png */,
				32DF240F19F255200025F9A4 /* 7_of_spades.png */,
				32DF241019F255200025F9A4 /* 8_of_clubs.png */,
				32DF241119F255200025F9A4 /* 8_of_diamonds.png */,
				32DF241219F255200025F9A4 /* 8_of_hearts.png */,
				32DF241319F255200025F9A4 /* 8_of_spades.png */,
				32DF241419F255200025F9A4 /* 9_of_clubs.png */,
				32DF241519F255200025F9A4 /* 9_of_diamonds.png */,
				32DF241619F255200025F9A4 /* 9_of_hearts.png */,
				32DF241719F255200025F9A4 /* 9_of_spades.png */,
				32DF241819F255200025F9A4 /* 10_of_clubs.png */,
				32DF241919F255200025F9A4 /* 10_of_diamonds.png */,
				32DF241A19F255200025F9A4 /* 10_of_hearts.png */,
				32DF241B19F255200025F9A4 /* 10_of_spades.png */,
				32DF241C19F255200025F9A4 /* ace_of_clubs.png */,
				32DF241D19F255200025F9A4 /* ace_of_diamonds.png */,
				32DF241E19F255200025F9A4 /* ace_of_hearts.png */,
				32DF241F19F255200025F9A4 /* ace_of_spades.png */,
				32DF242019F255200025F9A4 /* ace_of_spades2.png */,
				32DF242119F255200025F9A4 /* black_joker.png */,
				32DF242219F255200025F9A4 /* jack_of_clubs.png */,
				32DF242319F255200025F9A4 /* jack_of_clubs2.png */,
				32DF242419F255200025F9A4 /* jack_of_diamonds.png */,
				32DF242519F255200025F9A4 /* jack_of_diamonds2.png */,
				32DF242619F255200025F9A4 /* jack_of_hearts.png */,
				32DF242719F255200025F9A4 /* jack_of_hearts2.png */,
				32DF242819F255200025F9A4 /* jack_of_spades.png */,
				32DF242919F255200025F9A4 /* jack_of_spades2.png */,
				32DF242A19F255200025F9A4 /* king_of_clubs.png */,
				32DF242B19F255200025F9A4 /* king_of_clubs2.png */,
				32DF242C19F255200025F9A4 /* king_of_diamonds.png */,
				32DF242D19F255200025F9A4 /* king_of_diamonds2.png */,
				32DF242E19F255200025F9A4 /* king_of_hearts.png */,
				32DF242F19F255200025F9A4 /* king_of_hearts2.png */,
				32DF243019F255200025F9A4 /* king_of_spades.png */,
				32DF243119F255200025F9A4 /* king_of_spades2.png */,
				32DF243219F255200025F9A4 /* queen_of_clubs.png */,
				32DF243319F255200025F9A4 /* queen_of_clubs2.png */,
				32DF243419F255200025F9A4 /* queen_of_diamonds.png */,
				32DF243519F255200025F9A4 /* queen_of_diamonds2.png */,
				32DF243619F255200025F9A4 /* queen_of_hearts.png */,
				32DF243719F255200025F9A4 /* queen_of_hearts2.png */,
				32DF243819F255200025F9A4 /* queen_of_spades.png */,
				32DF243919F255200025F9A4 /* queen_of_spades2.png */,
				32DF243A19F255200025F9A4 /* red_joker.png */,
			);
			name = front;
			sourceTree = "<group>";
		};
		32DF23F219F254770025F9A4 /* environment */ = {
			isa = PBXGroup;
			children = (
				3252F29119EDCC5A00DFB721 /* green-felt.jpg */,
			);
			name = environment;
			sourceTree = "<group>";
		};
		32DF23F319F254860025F9A4 /* json */ = {
			isa = PBXGroup;
			children = (
				32DF23F419F254C70025F9A4 /* card-manifest.json */,
			);
			name = json;
			sourceTree = "<group>";
		};
/* End PBXGroup section */

/* Begin PBXNativeTarget section */
		3252F23519ECD92E00DFB721 /* CardPlay */ = {
			isa = PBXNativeTarget;
			buildConfigurationList = 3252F25719ECD92E00DFB721 /* Build configuration list for PBXNativeTarget "CardPlay" */;
			buildPhases = (
				3252F23219ECD92E00DFB721 /* Sources */,
				3252F23319ECD92E00DFB721 /* Frameworks */,
				3252F23419ECD92E00DFB721 /* Resources */,
			);
			buildRules = (
			);
			dependencies = (
			);
			name = CardPlay;
			productName = CardPlay;
			productReference = 3252F23619ECD92E00DFB721 /* CardPlay.app */;
			productType = "com.apple.product-type.application";
		};
		3252F24C19ECD92E00DFB721 /* CardPlayTests */ = {
			isa = PBXNativeTarget;
			buildConfigurationList = 3252F25A19ECD92E00DFB721 /* Build configuration list for PBXNativeTarget "CardPlayTests" */;
			buildPhases = (
				3252F24919ECD92E00DFB721 /* Sources */,
				3252F24A19ECD92E00DFB721 /* Frameworks */,
				3252F24B19ECD92E00DFB721 /* Resources */,
			);
			buildRules = (
			);
			dependencies = (
				3252F24F19ECD92E00DFB721 /* PBXTargetDependency */,
			);
			name = CardPlayTests;
			productName = CardPlayTests;
			productReference = 3252F24D19ECD92E00DFB721 /* CardPlayTests.xctest */;
			productType = "com.apple.product-type.bundle.unit-test";
		};
/* End PBXNativeTarget section */

/* Begin PBXProject section */
		3252F22E19ECD92E00DFB721 /* Project object */ = {
			isa = PBXProject;
			attributes = {
				LastUpgradeCheck = 0600;
				ORGANIZATIONNAME = "Michael Garrido";
				TargetAttributes = {
					3252F23519ECD92E00DFB721 = {
						CreatedOnToolsVersion = 6.0.1;
						DevelopmentTeam = 6YZKH4NY5P;
					};
					3252F24C19ECD92E00DFB721 = {
						CreatedOnToolsVersion = 6.0.1;
						TestTargetID = 3252F23519ECD92E00DFB721;
					};
				};
			};
			buildConfigurationList = 3252F23119ECD92E00DFB721 /* Build configuration list for PBXProject "CardPlay" */;
			compatibilityVersion = "Xcode 3.2";
			developmentRegion = English;
			hasScannedForEncodings = 0;
			knownRegions = (
				en,
				Base,
			);
			mainGroup = 3252F22D19ECD92E00DFB721;
			productRefGroup = 3252F23719ECD92E00DFB721 /* Products */;
			projectDirPath = "";
			projectRoot = "";
			targets = (
				3252F23519ECD92E00DFB721 /* CardPlay */,
				3252F24C19ECD92E00DFB721 /* CardPlayTests */,
			);
		};
/* End PBXProject section */

/* Begin PBXResourcesBuildPhase section */
		3252F23419ECD92E00DFB721 /* Resources */ = {
			isa = PBXResourcesBuildPhase;
			buildActionMask = 2147483647;
			files = (
				3252F24819ECD92E00DFB721 /* LaunchScreen.xib in Resources */,
				32DF247319F255200025F9A4 /* king_of_spades.png in Resources */,
				32DF246419F255200025F9A4 /* black_joker.png in Resources */,
				32DF245219F255200025F9A4 /* 7_of_spades.png in Resources */,
				32DF244319F255200025F9A4 /* 4_of_clubs.png in Resources */,
				32DF246A19F255200025F9A4 /* jack_of_hearts2.png in Resources */,
				32DF244C19F255200025F9A4 /* 6_of_diamonds.png in Resources */,
				32DF247D19F255200025F9A4 /* red_joker.png in Resources */,
				32DF247419F255200025F9A4 /* king_of_spades2.png in Resources */,
				32DF245519F255200025F9A4 /* 8_of_hearts.png in Resources */,
				32DF247219F255200025F9A4 /* king_of_hearts2.png in Resources */,
				3252F29219EDCC5A00DFB721 /* green-felt.jpg in Resources */,
				32DF247119F255200025F9A4 /* king_of_hearts.png in Resources */,
				32DF245319F255200025F9A4 /* 8_of_clubs.png in Resources */,
				32DF246019F255200025F9A4 /* ace_of_diamonds.png in Resources */,
				32DF245E19F255200025F9A4 /* 10_of_spades.png in Resources */,
				32DF245A19F255200025F9A4 /* 9_of_spades.png in Resources */,
				32DF244B19F255200025F9A4 /* 6_of_clubs.png in Resources */,
				32DF247C19F255200025F9A4 /* queen_of_spades2.png in Resources */,
				32DF245119F255200025F9A4 /* 7_of_hearts.png in Resources */,
				32DF247919F255200025F9A4 /* queen_of_hearts.png in Resources */,
				32DF23F519F254C70025F9A4 /* card-manifest.json in Resources */,
				32DF246719F255200025F9A4 /* jack_of_diamonds.png in Resources */,
				32DF244219F255200025F9A4 /* 3_of_spades.png in Resources */,
				32DF246B19F255200025F9A4 /* jack_of_spades.png in Resources */,
				32DF247B19F255200025F9A4 /* queen_of_spades.png in Resources */,
				3252F24519ECD92E00DFB721 /* Images.xcassets in Resources */,
				32DF244F19F255200025F9A4 /* 7_of_clubs.png in Resources */,
				32DF243F19F255200025F9A4 /* 3_of_clubs.png in Resources */,
				32DF246C19F255200025F9A4 /* jack_of_spades2.png in Resources */,
				32DF247A19F255200025F9A4 /* queen_of_hearts2.png in Resources */,
				32DF245419F255200025F9A4 /* 8_of_diamonds.png in Resources */,
				32DF244119F255200025F9A4 /* 3_of_hearts.png in Resources */,
				32DF246319F255200025F9A4 /* ace_of_spades2.png in Resources */,
				32DF244419F255200025F9A4 /* 4_of_diamonds.png in Resources */,
				32DF247619F255200025F9A4 /* queen_of_clubs2.png in Resources */,
				32DF244019F255200025F9A4 /* 3_of_diamonds.png in Resources */,
				32DF244719F255200025F9A4 /* 5_of_clubs.png in Resources */,
				32DF245619F255200025F9A4 /* 8_of_spades.png in Resources */,
				32DF246D19F255200025F9A4 /* king_of_clubs.png in Resources */,
				32DF244E19F255200025F9A4 /* 6_of_spades.png in Resources */,
				32DF244519F255200025F9A4 /* 4_of_hearts.png in Resources */,
				32DF245F19F255200025F9A4 /* ace_of_clubs.png in Resources */,
				32DF246219F255200025F9A4 /* ace_of_spades.png in Resources */,
				32DF245B19F255200025F9A4 /* 10_of_clubs.png in Resources */,
				32DF244A19F255200025F9A4 /* 5_of_spades.png in Resources */,
				32DF246519F255200025F9A4 /* jack_of_clubs.png in Resources */,
				32DF245919F255200025F9A4 /* 9_of_hearts.png in Resources */,
				32DF243D19F255200025F9A4 /* 2_of_hearts.png in Resources */,
				32DF247819F255200025F9A4 /* queen_of_diamonds2.png in Resources */,
				32DF244D19F255200025F9A4 /* 6_of_hearts.png in Resources */,
				32DF246619F255200025F9A4 /* jack_of_clubs2.png in Resources */,
				32DF245D19F255200025F9A4 /* 10_of_hearts.png in Resources */,
				32DF244919F255200025F9A4 /* 5_of_hearts.png in Resources */,
				32DF247719F255200025F9A4 /* queen_of_diamonds.png in Resources */,
				32DF247519F255200025F9A4 /* queen_of_clubs.png in Resources */,
				32DF245719F255200025F9A4 /* 9_of_clubs.png in Resources */,
				32DF245C19F255200025F9A4 /* 10_of_diamonds.png in Resources */,
				32DF245019F255200025F9A4 /* 7_of_diamonds.png in Resources */,
				32DF246F19F255200025F9A4 /* king_of_diamonds.png in Resources */,
				32DF244819F255200025F9A4 /* 5_of_diamonds.png in Resources */,
				3252F23E19ECD92E00DFB721 /* art.scnassets in Resources */,
				32DF23F719F255160025F9A4 /* back-default.png in Resources */,
				32DF246119F255200025F9A4 /* ace_of_hearts.png in Resources */,
				3252F24319ECD92E00DFB721 /* Main.storyboard in Resources */,
				32DF245819F255200025F9A4 /* 9_of_diamonds.png in Resources */,
				32DF246919F255200025F9A4 /* jack_of_hearts.png in Resources */,
				32DF246819F255200025F9A4 /* jack_of_diamonds2.png in Resources */,
				32DF243B19F255200025F9A4 /* 2_of_clubs.png in Resources */,
				32DF247019F255200025F9A4 /* king_of_diamonds2.png in Resources */,
				32DF243E19F255200025F9A4 /* 2_of_spades.png in Resources */,
				32DF244619F255200025F9A4 /* 4_of_spades.png in Resources */,
				32DF243C19F255200025F9A4 /* 2_of_diamonds.png in Resources */,
				32DF246E19F255200025F9A4 /* king_of_clubs2.png in Resources */,
			);
			runOnlyForDeploymentPostprocessing = 0;
		};
		3252F24B19ECD92E00DFB721 /* Resources */ = {
			isa = PBXResourcesBuildPhase;
			buildActionMask = 2147483647;
			files = (
			);
			runOnlyForDeploymentPostprocessing = 0;
		};
/* End PBXResourcesBuildPhase section */

/* Begin PBXSourcesBuildPhase section */
		3252F23219ECD92E00DFB721 /* Sources */ = {
			isa = PBXSourcesBuildPhase;
			buildActionMask = 2147483647;
			files = (
				04FBB73419F0616900E763FC /* LobbyViewController.swift in Sources */,
				0424D3E319F064A3004A80FF /* PlayerMenuViewController.swift in Sources */,
				04FBB72C19EF8D1B00E763FC /* CardGroup.swift in Sources */,
				3252F24019ECD92E00DFB721 /* GameViewController.swift in Sources */,
				04DC984819F1AB5F00D69596 /* StoreViewController.swift in Sources */,
				04DC984619F1A9CD00D69596 /* CloudConnection.swift in Sources */,
				32788CA419EE7A3C003EFD9E /* HandManager.swift in Sources */,
				0424D3E519F0C91A004A80FF /* CardDeck.swift in Sources */,
				04FBB72E19EF90E600E763FC /* PlayerController.swift in Sources */,
				04DC984419F19CD600D69596 /* GameWorld.swift in Sources */,
				3252F23C19ECD92E00DFB721 /* AppDelegate.swift in Sources */,
				04FBB73019EF930300E763FC /* Table.swift in Sources */,
				32DF247F19F318F30025F9A4 /* CardNode.swift in Sources */,
				04FBB72A19EF8CDC00E763FC /* CameraController.swift in Sources */,
				04FBB73219F060F700E763FC /* MultipeerConnection.swift in Sources */,
			);
			runOnlyForDeploymentPostprocessing = 0;
		};
		3252F24919ECD92E00DFB721 /* Sources */ = {
			isa = PBXSourcesBuildPhase;
			buildActionMask = 2147483647;
			files = (
				3252F25419ECD92E00DFB721 /* CardPlayTests.swift in Sources */,
			);
			runOnlyForDeploymentPostprocessing = 0;
		};
/* End PBXSourcesBuildPhase section */

/* Begin PBXTargetDependency section */
		3252F24F19ECD92E00DFB721 /* PBXTargetDependency */ = {
			isa = PBXTargetDependency;
			target = 3252F23519ECD92E00DFB721 /* CardPlay */;
			targetProxy = 3252F24E19ECD92E00DFB721 /* PBXContainerItemProxy */;
		};
/* End PBXTargetDependency section */

/* Begin PBXVariantGroup section */
		3252F24119ECD92E00DFB721 /* Main.storyboard */ = {
			isa = PBXVariantGroup;
			children = (
				3252F24219ECD92E00DFB721 /* Base */,
			);
			name = Main.storyboard;
			sourceTree = "<group>";
		};
		3252F24619ECD92E00DFB721 /* LaunchScreen.xib */ = {
			isa = PBXVariantGroup;
			children = (
				3252F24719ECD92E00DFB721 /* Base */,
			);
			name = LaunchScreen.xib;
			sourceTree = "<group>";
		};
/* End PBXVariantGroup section */

/* Begin XCBuildConfiguration section */
		3252F25519ECD92E00DFB721 /* Debug */ = {
			isa = XCBuildConfiguration;
			buildSettings = {
				ALWAYS_SEARCH_USER_PATHS = NO;
				CLANG_CXX_LANGUAGE_STANDARD = "gnu++0x";
				CLANG_CXX_LIBRARY = "libc++";
				CLANG_ENABLE_MODULES = YES;
				CLANG_ENABLE_OBJC_ARC = YES;
				CLANG_WARN_BOOL_CONVERSION = YES;
				CLANG_WARN_CONSTANT_CONVERSION = YES;
				CLANG_WARN_DIRECT_OBJC_ISA_USAGE = YES_ERROR;
				CLANG_WARN_EMPTY_BODY = YES;
				CLANG_WARN_ENUM_CONVERSION = YES;
				CLANG_WARN_INT_CONVERSION = YES;
				CLANG_WARN_OBJC_ROOT_CLASS = YES_ERROR;
				CLANG_WARN_UNREACHABLE_CODE = YES;
				CLANG_WARN__DUPLICATE_METHOD_MATCH = YES;
				"CODE_SIGN_IDENTITY[sdk=iphoneos*]" = "iPhone Developer";
				COPY_PHASE_STRIP = NO;
				ENABLE_STRICT_OBJC_MSGSEND = YES;
				GCC_C_LANGUAGE_STANDARD = gnu99;
				GCC_DYNAMIC_NO_PIC = NO;
				GCC_OPTIMIZATION_LEVEL = 0;
				GCC_PREPROCESSOR_DEFINITIONS = (
					"DEBUG=1",
					"$(inherited)",
				);
				GCC_SYMBOLS_PRIVATE_EXTERN = NO;
				GCC_WARN_64_TO_32_BIT_CONVERSION = YES;
				GCC_WARN_ABOUT_RETURN_TYPE = YES_ERROR;
				GCC_WARN_UNDECLARED_SELECTOR = YES;
				GCC_WARN_UNINITIALIZED_AUTOS = YES_AGGRESSIVE;
				GCC_WARN_UNUSED_FUNCTION = YES;
				GCC_WARN_UNUSED_VARIABLE = YES;
				IPHONEOS_DEPLOYMENT_TARGET = 8.0;
				MTL_ENABLE_DEBUG_INFO = YES;
				ONLY_ACTIVE_ARCH = YES;
				SDKROOT = iphoneos;
				SWIFT_OPTIMIZATION_LEVEL = "-Onone";
				TARGETED_DEVICE_FAMILY = "1,2";
			};
			name = Debug;
		};
		3252F25619ECD92E00DFB721 /* Release */ = {
			isa = XCBuildConfiguration;
			buildSettings = {
				ALWAYS_SEARCH_USER_PATHS = NO;
				CLANG_CXX_LANGUAGE_STANDARD = "gnu++0x";
				CLANG_CXX_LIBRARY = "libc++";
				CLANG_ENABLE_MODULES = YES;
				CLANG_ENABLE_OBJC_ARC = YES;
				CLANG_WARN_BOOL_CONVERSION = YES;
				CLANG_WARN_CONSTANT_CONVERSION = YES;
				CLANG_WARN_DIRECT_OBJC_ISA_USAGE = YES_ERROR;
				CLANG_WARN_EMPTY_BODY = YES;
				CLANG_WARN_ENUM_CONVERSION = YES;
				CLANG_WARN_INT_CONVERSION = YES;
				CLANG_WARN_OBJC_ROOT_CLASS = YES_ERROR;
				CLANG_WARN_UNREACHABLE_CODE = YES;
				CLANG_WARN__DUPLICATE_METHOD_MATCH = YES;
				"CODE_SIGN_IDENTITY[sdk=iphoneos*]" = "iPhone Developer";
				COPY_PHASE_STRIP = YES;
				ENABLE_NS_ASSERTIONS = NO;
				ENABLE_STRICT_OBJC_MSGSEND = YES;
				GCC_C_LANGUAGE_STANDARD = gnu99;
				GCC_WARN_64_TO_32_BIT_CONVERSION = YES;
				GCC_WARN_ABOUT_RETURN_TYPE = YES_ERROR;
				GCC_WARN_UNDECLARED_SELECTOR = YES;
				GCC_WARN_UNINITIALIZED_AUTOS = YES_AGGRESSIVE;
				GCC_WARN_UNUSED_FUNCTION = YES;
				GCC_WARN_UNUSED_VARIABLE = YES;
				IPHONEOS_DEPLOYMENT_TARGET = 8.0;
				MTL_ENABLE_DEBUG_INFO = NO;
				SDKROOT = iphoneos;
				TARGETED_DEVICE_FAMILY = "1,2";
				VALIDATE_PRODUCT = YES;
			};
			name = Release;
		};
		3252F25819ECD92E00DFB721 /* Debug */ = {
			isa = XCBuildConfiguration;
			buildSettings = {
				ASSETCATALOG_COMPILER_APPICON_NAME = AppIcon;
				CODE_SIGN_IDENTITY = "iPhone Developer";
				"CODE_SIGN_IDENTITY[sdk=iphoneos*]" = "iPhone Developer";
				INFOPLIST_FILE = CardPlay/Info.plist;
				LD_RUNPATH_SEARCH_PATHS = "$(inherited) @executable_path/Frameworks";
				PRODUCT_NAME = "$(TARGET_NAME)";
				PROVISIONING_PROFILE = "";
			};
			name = Debug;
		};
		3252F25919ECD92E00DFB721 /* Release */ = {
			isa = XCBuildConfiguration;
			buildSettings = {
				ASSETCATALOG_COMPILER_APPICON_NAME = AppIcon;
				CODE_SIGN_IDENTITY = "iPhone Developer";
				"CODE_SIGN_IDENTITY[sdk=iphoneos*]" = "iPhone Developer";
				INFOPLIST_FILE = CardPlay/Info.plist;
				LD_RUNPATH_SEARCH_PATHS = "$(inherited) @executable_path/Frameworks";
				PRODUCT_NAME = "$(TARGET_NAME)";
				PROVISIONING_PROFILE = "";
			};
			name = Release;
		};
		3252F25B19ECD92E00DFB721 /* Debug */ = {
			isa = XCBuildConfiguration;
			buildSettings = {
				BUNDLE_LOADER = "$(TEST_HOST)";
				FRAMEWORK_SEARCH_PATHS = (
					"$(SDKROOT)/Developer/Library/Frameworks",
					"$(inherited)",
				);
				GCC_PREPROCESSOR_DEFINITIONS = (
					"DEBUG=1",
					"$(inherited)",
				);
				INFOPLIST_FILE = CardPlayTests/Info.plist;
				LD_RUNPATH_SEARCH_PATHS = "$(inherited) @executable_path/Frameworks @loader_path/Frameworks";
				PRODUCT_NAME = "$(TARGET_NAME)";
				TEST_HOST = "$(BUILT_PRODUCTS_DIR)/CardPlay.app/CardPlay";
			};
			name = Debug;
		};
		3252F25C19ECD92E00DFB721 /* Release */ = {
			isa = XCBuildConfiguration;
			buildSettings = {
				BUNDLE_LOADER = "$(TEST_HOST)";
				FRAMEWORK_SEARCH_PATHS = (
					"$(SDKROOT)/Developer/Library/Frameworks",
					"$(inherited)",
				);
				INFOPLIST_FILE = CardPlayTests/Info.plist;
				LD_RUNPATH_SEARCH_PATHS = "$(inherited) @executable_path/Frameworks @loader_path/Frameworks";
				PRODUCT_NAME = "$(TARGET_NAME)";
				TEST_HOST = "$(BUILT_PRODUCTS_DIR)/CardPlay.app/CardPlay";
			};
			name = Release;
		};
/* End XCBuildConfiguration section */

/* Begin XCConfigurationList section */
		3252F23119ECD92E00DFB721 /* Build configuration list for PBXProject "CardPlay" */ = {
			isa = XCConfigurationList;
			buildConfigurations = (
				3252F25519ECD92E00DFB721 /* Debug */,
				3252F25619ECD92E00DFB721 /* Release */,
			);
			defaultConfigurationIsVisible = 0;
			defaultConfigurationName = Release;
		};
		3252F25719ECD92E00DFB721 /* Build configuration list for PBXNativeTarget "CardPlay" */ = {
			isa = XCConfigurationList;
			buildConfigurations = (
				3252F25819ECD92E00DFB721 /* Debug */,
				3252F25919ECD92E00DFB721 /* Release */,
			);
			defaultConfigurationIsVisible = 0;
			defaultConfigurationName = Release;
		};
		3252F25A19ECD92E00DFB721 /* Build configuration list for PBXNativeTarget "CardPlayTests" */ = {
			isa = XCConfigurationList;
			buildConfigurations = (
				3252F25B19ECD92E00DFB721 /* Debug */,
				3252F25C19ECD92E00DFB721 /* Release */,
			);
			defaultConfigurationIsVisible = 0;
			defaultConfigurationName = Release;
		};
/* End XCConfigurationList section */
	};
	rootObject = 3252F22E19ECD92E00DFB721 /* Project object */;
}
