// !$*UTF8*$!
{
	archiveVersion = 1;
	classes = {
	};
	objectVersion = 46;
	objects = {

/* Begin PBXBuildFile section */
		0424D3E319F064A3004A80FF /* PlayerMenuViewController.swift in Sources */ = {isa = PBXBuildFile; fileRef = 0424D3E219F064A3004A80FF /* PlayerMenuViewController.swift */; };
		0424D3E519F0C91A004A80FF /* CardDeck.swift in Sources */ = {isa = PBXBuildFile; fileRef = 0424D3E419F0C91A004A80FF /* CardDeck.swift */; };
		04DC984419F19CD600D69596 /* GameWorld.swift in Sources */ = {isa = PBXBuildFile; fileRef = 04DC984319F19CD600D69596 /* GameWorld.swift */; };
		04DC984619F1A9CD00D69596 /* CloudConnection.swift in Sources */ = {isa = PBXBuildFile; fileRef = 04DC984519F1A9CD00D69596 /* CloudConnection.swift */; };
		04DC984819F1AB5F00D69596 /* StoreViewController.swift in Sources */ = {isa = PBXBuildFile; fileRef = 04DC984719F1AB5F00D69596 /* StoreViewController.swift */; };
		04FBB72A19EF8CDC00E763FC /* CameraController.swift in Sources */ = {isa = PBXBuildFile; fileRef = 04FBB72919EF8CDC00E763FC /* CameraController.swift */; };
		04FBB72C19EF8D1B00E763FC /* CardGroup.swift in Sources */ = {isa = PBXBuildFile; fileRef = 04FBB72B19EF8D1B00E763FC /* CardGroup.swift */; };
		04FBB72E19EF90E600E763FC /* PlayerController.swift in Sources */ = {isa = PBXBuildFile; fileRef = 04FBB72D19EF90E600E763FC /* PlayerController.swift */; };
		04FBB73019EF930300E763FC /* Table.swift in Sources */ = {isa = PBXBuildFile; fileRef = 04FBB72F19EF930300E763FC /* Table.swift */; };
		04FBB73219F060F700E763FC /* MultipeerConnection.swift in Sources */ = {isa = PBXBuildFile; fileRef = 04FBB73119F060F700E763FC /* MultipeerConnection.swift */; };
		04FBB73419F0616900E763FC /* LobbyViewController.swift in Sources */ = {isa = PBXBuildFile; fileRef = 04FBB73319F0616900E763FC /* LobbyViewController.swift */; };
		3204915219F9FE9E00D6C6B5 /* ActiveEdgeScene.swift in Sources */ = {isa = PBXBuildFile; fileRef = 3204915119F9FE9E00D6C6B5 /* ActiveEdgeScene.swift */; };
		3204915519FB0CF000D6C6B5 /* HitTest.swift in Sources */ = {isa = PBXBuildFile; fileRef = 3204915419FB0CF000D6C6B5 /* HitTest.swift */; };
		3252F23C19ECD92E00DFB721 /* AppDelegate.swift in Sources */ = {isa = PBXBuildFile; fileRef = 3252F23B19ECD92E00DFB721 /* AppDelegate.swift */; };
		3252F23E19ECD92E00DFB721 /* art.scnassets in Resources */ = {isa = PBXBuildFile; fileRef = 3252F23D19ECD92E00DFB721 /* art.scnassets */; };
		3252F24019ECD92E00DFB721 /* GameViewController.swift in Sources */ = {isa = PBXBuildFile; fileRef = 3252F23F19ECD92E00DFB721 /* GameViewController.swift */; };
		3252F24319ECD92E00DFB721 /* Main.storyboard in Resources */ = {isa = PBXBuildFile; fileRef = 3252F24119ECD92E00DFB721 /* Main.storyboard */; };
		3252F24519ECD92E00DFB721 /* Images.xcassets in Resources */ = {isa = PBXBuildFile; fileRef = 3252F24419ECD92E00DFB721 /* Images.xcassets */; };
		3252F24819ECD92E00DFB721 /* LaunchScreen.xib in Resources */ = {isa = PBXBuildFile; fileRef = 3252F24619ECD92E00DFB721 /* LaunchScreen.xib */; };
		3252F25419ECD92E00DFB721 /* CardPlayTests.swift in Sources */ = {isa = PBXBuildFile; fileRef = 3252F25319ECD92E00DFB721 /* CardPlayTests.swift */; };
		3252F29219EDCC5A00DFB721 /* green-felt.jpg in Resources */ = {isa = PBXBuildFile; fileRef = 3252F29119EDCC5A00DFB721 /* green-felt.jpg */; };
		32788CA419EE7A3C003EFD9E /* HandManager.swift in Sources */ = {isa = PBXBuildFile; fileRef = 32788CA319EE7A3C003EFD9E /* HandManager.swift */; };
		32A7CE4B19F7360D00E0BE99 /* card-manifest_full.json in Resources */ = {isa = PBXBuildFile; fileRef = 32A7CE4A19F7360D00E0BE99 /* card-manifest_full.json */; };
		32A7CE4D19F9AB4400E0BE99 /* PlayPoint.swift in Sources */ = {isa = PBXBuildFile; fileRef = 32A7CE4C19F9AB4400E0BE99 /* PlayPoint.swift */; };
		32A7CE9519F9B49000E0BE99 /* back-default.png in Resources */ = {isa = PBXBuildFile; fileRef = 32A7CE5019F9B49000E0BE99 /* back-default.png */; };
		32A7CE9619F9B49000E0BE99 /* 10_of_clubs.png in Resources */ = {isa = PBXBuildFile; fileRef = 32A7CE5219F9B49000E0BE99 /* 10_of_clubs.png */; };
		32A7CE9719F9B49000E0BE99 /* 10_of_diamonds.png in Resources */ = {isa = PBXBuildFile; fileRef = 32A7CE5319F9B49000E0BE99 /* 10_of_diamonds.png */; };
		32A7CE9819F9B49000E0BE99 /* 10_of_hearts.png in Resources */ = {isa = PBXBuildFile; fileRef = 32A7CE5419F9B49000E0BE99 /* 10_of_hearts.png */; };
		32A7CE9919F9B49000E0BE99 /* 10_of_spades.png in Resources */ = {isa = PBXBuildFile; fileRef = 32A7CE5519F9B49000E0BE99 /* 10_of_spades.png */; };
		32A7CE9A19F9B49000E0BE99 /* 2_of_clubs.png in Resources */ = {isa = PBXBuildFile; fileRef = 32A7CE5619F9B49000E0BE99 /* 2_of_clubs.png */; };
		32A7CE9B19F9B49000E0BE99 /* 2_of_diamonds.png in Resources */ = {isa = PBXBuildFile; fileRef = 32A7CE5719F9B49000E0BE99 /* 2_of_diamonds.png */; };
		32A7CE9C19F9B49000E0BE99 /* 2_of_hearts.png in Resources */ = {isa = PBXBuildFile; fileRef = 32A7CE5819F9B49000E0BE99 /* 2_of_hearts.png */; };
		32A7CE9D19F9B49000E0BE99 /* 2_of_spades.png in Resources */ = {isa = PBXBuildFile; fileRef = 32A7CE5919F9B49000E0BE99 /* 2_of_spades.png */; };
		32A7CE9E19F9B49000E0BE99 /* 3_of_clubs.png in Resources */ = {isa = PBXBuildFile; fileRef = 32A7CE5A19F9B49000E0BE99 /* 3_of_clubs.png */; };
		32A7CE9F19F9B49000E0BE99 /* 3_of_diamonds.png in Resources */ = {isa = PBXBuildFile; fileRef = 32A7CE5B19F9B49000E0BE99 /* 3_of_diamonds.png */; };
		32A7CEA019F9B49000E0BE99 /* 3_of_hearts.png in Resources */ = {isa = PBXBuildFile; fileRef = 32A7CE5C19F9B49000E0BE99 /* 3_of_hearts.png */; };
		32A7CEA119F9B49000E0BE99 /* 3_of_spades.png in Resources */ = {isa = PBXBuildFile; fileRef = 32A7CE5D19F9B49000E0BE99 /* 3_of_spades.png */; };
		32A7CEA219F9B49000E0BE99 /* 4_of_clubs.png in Resources */ = {isa = PBXBuildFile; fileRef = 32A7CE5E19F9B49000E0BE99 /* 4_of_clubs.png */; };
		32A7CEA319F9B49000E0BE99 /* 4_of_diamonds.png in Resources */ = {isa = PBXBuildFile; fileRef = 32A7CE5F19F9B49000E0BE99 /* 4_of_diamonds.png */; };
		32A7CEA419F9B49000E0BE99 /* 4_of_hearts.png in Resources */ = {isa = PBXBuildFile; fileRef = 32A7CE6019F9B49000E0BE99 /* 4_of_hearts.png */; };
		32A7CEA519F9B49000E0BE99 /* 4_of_spades.png in Resources */ = {isa = PBXBuildFile; fileRef = 32A7CE6119F9B49000E0BE99 /* 4_of_spades.png */; };
		32A7CEA619F9B49000E0BE99 /* 5_of_clubs.png in Resources */ = {isa = PBXBuildFile; fileRef = 32A7CE6219F9B49000E0BE99 /* 5_of_clubs.png */; };
		32A7CEA719F9B49000E0BE99 /* 5_of_diamonds.png in Resources */ = {isa = PBXBuildFile; fileRef = 32A7CE6319F9B49000E0BE99 /* 5_of_diamonds.png */; };
		32A7CEA819F9B49000E0BE99 /* 5_of_hearts.png in Resources */ = {isa = PBXBuildFile; fileRef = 32A7CE6419F9B49000E0BE99 /* 5_of_hearts.png */; };
		32A7CEA919F9B49000E0BE99 /* 5_of_spades.png in Resources */ = {isa = PBXBuildFile; fileRef = 32A7CE6519F9B49000E0BE99 /* 5_of_spades.png */; };
		32A7CEAA19F9B49000E0BE99 /* 6_of_clubs.png in Resources */ = {isa = PBXBuildFile; fileRef = 32A7CE6619F9B49000E0BE99 /* 6_of_clubs.png */; };
		32A7CEAB19F9B49000E0BE99 /* 6_of_diamonds.png in Resources */ = {isa = PBXBuildFile; fileRef = 32A7CE6719F9B49000E0BE99 /* 6_of_diamonds.png */; };
		32A7CEAC19F9B49000E0BE99 /* 6_of_hearts.png in Resources */ = {isa = PBXBuildFile; fileRef = 32A7CE6819F9B49000E0BE99 /* 6_of_hearts.png */; };
		32A7CEAD19F9B49000E0BE99 /* 6_of_spades.png in Resources */ = {isa = PBXBuildFile; fileRef = 32A7CE6919F9B49000E0BE99 /* 6_of_spades.png */; };
		32A7CEAE19F9B49000E0BE99 /* 7_of_clubs.png in Resources */ = {isa = PBXBuildFile; fileRef = 32A7CE6A19F9B49000E0BE99 /* 7_of_clubs.png */; };
		32A7CEAF19F9B49000E0BE99 /* 7_of_diamonds.png in Resources */ = {isa = PBXBuildFile; fileRef = 32A7CE6B19F9B49000E0BE99 /* 7_of_diamonds.png */; };
		32A7CEB019F9B49000E0BE99 /* 7_of_hearts.png in Resources */ = {isa = PBXBuildFile; fileRef = 32A7CE6C19F9B49000E0BE99 /* 7_of_hearts.png */; };
		32A7CEB119F9B49000E0BE99 /* 7_of_spades.png in Resources */ = {isa = PBXBuildFile; fileRef = 32A7CE6D19F9B49000E0BE99 /* 7_of_spades.png */; };
		32A7CEB219F9B49000E0BE99 /* 8_of_clubs.png in Resources */ = {isa = PBXBuildFile; fileRef = 32A7CE6E19F9B49000E0BE99 /* 8_of_clubs.png */; };
		32A7CEB319F9B49000E0BE99 /* 8_of_diamonds.png in Resources */ = {isa = PBXBuildFile; fileRef = 32A7CE6F19F9B49000E0BE99 /* 8_of_diamonds.png */; };
		32A7CEB419F9B49000E0BE99 /* 8_of_hearts.png in Resources */ = {isa = PBXBuildFile; fileRef = 32A7CE7019F9B49000E0BE99 /* 8_of_hearts.png */; };
		32A7CEB519F9B49000E0BE99 /* 8_of_spades.png in Resources */ = {isa = PBXBuildFile; fileRef = 32A7CE7119F9B49000E0BE99 /* 8_of_spades.png */; };
		32A7CEB619F9B49000E0BE99 /* 9_of_clubs.png in Resources */ = {isa = PBXBuildFile; fileRef = 32A7CE7219F9B49000E0BE99 /* 9_of_clubs.png */; };
		32A7CEB719F9B49000E0BE99 /* 9_of_diamonds.png in Resources */ = {isa = PBXBuildFile; fileRef = 32A7CE7319F9B49000E0BE99 /* 9_of_diamonds.png */; };
		32A7CEB819F9B49000E0BE99 /* 9_of_hearts.png in Resources */ = {isa = PBXBuildFile; fileRef = 32A7CE7419F9B49000E0BE99 /* 9_of_hearts.png */; };
		32A7CEB919F9B49000E0BE99 /* 9_of_spades.png in Resources */ = {isa = PBXBuildFile; fileRef = 32A7CE7519F9B49000E0BE99 /* 9_of_spades.png */; };
		32A7CEBA19F9B49000E0BE99 /* ace_of_clubs.png in Resources */ = {isa = PBXBuildFile; fileRef = 32A7CE7619F9B49000E0BE99 /* ace_of_clubs.png */; };
		32A7CEBB19F9B49000E0BE99 /* ace_of_diamonds.png in Resources */ = {isa = PBXBuildFile; fileRef = 32A7CE7719F9B49000E0BE99 /* ace_of_diamonds.png */; };
		32A7CEBC19F9B49000E0BE99 /* ace_of_hearts.png in Resources */ = {isa = PBXBuildFile; fileRef = 32A7CE7819F9B49000E0BE99 /* ace_of_hearts.png */; };
		32A7CEBD19F9B49000E0BE99 /* ace_of_spades.png in Resources */ = {isa = PBXBuildFile; fileRef = 32A7CE7919F9B49000E0BE99 /* ace_of_spades.png */; };
		32A7CEBE19F9B49000E0BE99 /* ace_of_spades2.png in Resources */ = {isa = PBXBuildFile; fileRef = 32A7CE7A19F9B49000E0BE99 /* ace_of_spades2.png */; };
		32A7CEBF19F9B49000E0BE99 /* black_joker.png in Resources */ = {isa = PBXBuildFile; fileRef = 32A7CE7B19F9B49000E0BE99 /* black_joker.png */; };
		32A7CEC019F9B49000E0BE99 /* jack_of_clubs.png in Resources */ = {isa = PBXBuildFile; fileRef = 32A7CE7C19F9B49000E0BE99 /* jack_of_clubs.png */; };
		32A7CEC119F9B49000E0BE99 /* jack_of_clubs2.png in Resources */ = {isa = PBXBuildFile; fileRef = 32A7CE7D19F9B49000E0BE99 /* jack_of_clubs2.png */; };
		32A7CEC219F9B49000E0BE99 /* jack_of_diamonds.png in Resources */ = {isa = PBXBuildFile; fileRef = 32A7CE7E19F9B49000E0BE99 /* jack_of_diamonds.png */; };
		32A7CEC319F9B49000E0BE99 /* jack_of_diamonds2.png in Resources */ = {isa = PBXBuildFile; fileRef = 32A7CE7F19F9B49000E0BE99 /* jack_of_diamonds2.png */; };
		32A7CEC419F9B49000E0BE99 /* jack_of_hearts.png in Resources */ = {isa = PBXBuildFile; fileRef = 32A7CE8019F9B49000E0BE99 /* jack_of_hearts.png */; };
		32A7CEC519F9B49000E0BE99 /* jack_of_hearts2.png in Resources */ = {isa = PBXBuildFile; fileRef = 32A7CE8119F9B49000E0BE99 /* jack_of_hearts2.png */; };
		32A7CEC619F9B49000E0BE99 /* jack_of_spades.png in Resources */ = {isa = PBXBuildFile; fileRef = 32A7CE8219F9B49000E0BE99 /* jack_of_spades.png */; };
		32A7CEC719F9B49000E0BE99 /* jack_of_spades2.png in Resources */ = {isa = PBXBuildFile; fileRef = 32A7CE8319F9B49000E0BE99 /* jack_of_spades2.png */; };
		32A7CEC819F9B49000E0BE99 /* king_of_clubs.png in Resources */ = {isa = PBXBuildFile; fileRef = 32A7CE8419F9B49000E0BE99 /* king_of_clubs.png */; };
		32A7CEC919F9B49000E0BE99 /* king_of_clubs2.png in Resources */ = {isa = PBXBuildFile; fileRef = 32A7CE8519F9B49000E0BE99 /* king_of_clubs2.png */; };
		32A7CECA19F9B49000E0BE99 /* king_of_diamonds.png in Resources */ = {isa = PBXBuildFile; fileRef = 32A7CE8619F9B49000E0BE99 /* king_of_diamonds.png */; };
		32A7CECB19F9B49000E0BE99 /* king_of_diamonds2.png in Resources */ = {isa = PBXBuildFile; fileRef = 32A7CE8719F9B49000E0BE99 /* king_of_diamonds2.png */; };
		32A7CECC19F9B49000E0BE99 /* king_of_hearts.png in Resources */ = {isa = PBXBuildFile; fileRef = 32A7CE8819F9B49000E0BE99 /* king_of_hearts.png */; };
		32A7CECD19F9B49000E0BE99 /* king_of_hearts2.png in Resources */ = {isa = PBXBuildFile; fileRef = 32A7CE8919F9B49000E0BE99 /* king_of_hearts2.png */; };
		32A7CECE19F9B49000E0BE99 /* king_of_spades.png in Resources */ = {isa = PBXBuildFile; fileRef = 32A7CE8A19F9B49000E0BE99 /* king_of_spades.png */; };
		32A7CECF19F9B49000E0BE99 /* king_of_spades2.png in Resources */ = {isa = PBXBuildFile; fileRef = 32A7CE8B19F9B49000E0BE99 /* king_of_spades2.png */; };
		32A7CED019F9B49000E0BE99 /* queen_of_clubs.png in Resources */ = {isa = PBXBuildFile; fileRef = 32A7CE8C19F9B49000E0BE99 /* queen_of_clubs.png */; };
		32A7CED119F9B49000E0BE99 /* queen_of_clubs2.png in Resources */ = {isa = PBXBuildFile; fileRef = 32A7CE8D19F9B49000E0BE99 /* queen_of_clubs2.png */; };
		32A7CED219F9B49000E0BE99 /* queen_of_diamonds.png in Resources */ = {isa = PBXBuildFile; fileRef = 32A7CE8E19F9B49000E0BE99 /* queen_of_diamonds.png */; };
		32A7CED319F9B49000E0BE99 /* queen_of_diamonds2.png in Resources */ = {isa = PBXBuildFile; fileRef = 32A7CE8F19F9B49000E0BE99 /* queen_of_diamonds2.png */; };
		32A7CED419F9B49000E0BE99 /* queen_of_hearts.png in Resources */ = {isa = PBXBuildFile; fileRef = 32A7CE9019F9B49000E0BE99 /* queen_of_hearts.png */; };
		32A7CED519F9B49000E0BE99 /* queen_of_hearts2.png in Resources */ = {isa = PBXBuildFile; fileRef = 32A7CE9119F9B49000E0BE99 /* queen_of_hearts2.png */; };
		32A7CED619F9B49000E0BE99 /* queen_of_spades.png in Resources */ = {isa = PBXBuildFile; fileRef = 32A7CE9219F9B49000E0BE99 /* queen_of_spades.png */; };
		32A7CED719F9B49000E0BE99 /* queen_of_spades2.png in Resources */ = {isa = PBXBuildFile; fileRef = 32A7CE9319F9B49000E0BE99 /* queen_of_spades2.png */; };
		32A7CED819F9B49000E0BE99 /* red_joker.png in Resources */ = {isa = PBXBuildFile; fileRef = 32A7CE9419F9B49000E0BE99 /* red_joker.png */; };
		32AD19A519FF455A003CBE4B /* libTestFlight.a in Frameworks */ = {isa = PBXBuildFile; fileRef = 32AD199F19FF455A003CBE4B /* libTestFlight.a */; };
		32AD19A619FF455A003CBE4B /* README.md in Sources */ = {isa = PBXBuildFile; fileRef = 32AD19A019FF455A003CBE4B /* README.md */; };
		32AD19A719FF455A003CBE4B /* release_notes.md in Sources */ = {isa = PBXBuildFile; fileRef = 32AD19A119FF455A003CBE4B /* release_notes.md */; };
		32AD19A919FF45BC003CBE4B /* libz.dylib in Frameworks */ = {isa = PBXBuildFile; fileRef = 32AD19A819FF45BC003CBE4B /* libz.dylib */; };
		32DF23F519F254C70025F9A4 /* card-manifest.json in Resources */ = {isa = PBXBuildFile; fileRef = 32DF23F419F254C70025F9A4 /* card-manifest.json */; };
		32DF247F19F318F30025F9A4 /* CardNode.swift in Sources */ = {isa = PBXBuildFile; fileRef = 32DF247E19F318F30025F9A4 /* CardNode.swift */; };
/* End PBXBuildFile section */

/* Begin PBXContainerItemProxy section */
		3252F24E19ECD92E00DFB721 /* PBXContainerItemProxy */ = {
			isa = PBXContainerItemProxy;
			containerPortal = 3252F22E19ECD92E00DFB721 /* Project object */;
			proxyType = 1;
			remoteGlobalIDString = 3252F23519ECD92E00DFB721;
			remoteInfo = CardPlay;
		};
/* End PBXContainerItemProxy section */

/* Begin PBXFileReference section */
		0424D3E219F064A3004A80FF /* PlayerMenuViewController.swift */ = {isa = PBXFileReference; fileEncoding = 4; lastKnownFileType = sourcecode.swift; path = PlayerMenuViewController.swift; sourceTree = "<group>"; };
		0424D3E419F0C91A004A80FF /* CardDeck.swift */ = {isa = PBXFileReference; fileEncoding = 4; lastKnownFileType = sourcecode.swift; path = CardDeck.swift; sourceTree = "<group>"; };
		04DC984319F19CD600D69596 /* GameWorld.swift */ = {isa = PBXFileReference; fileEncoding = 4; lastKnownFileType = sourcecode.swift; path = GameWorld.swift; sourceTree = "<group>"; };
		04DC984519F1A9CD00D69596 /* CloudConnection.swift */ = {isa = PBXFileReference; fileEncoding = 4; lastKnownFileType = sourcecode.swift; path = CloudConnection.swift; sourceTree = "<group>"; };
		04DC984719F1AB5F00D69596 /* StoreViewController.swift */ = {isa = PBXFileReference; fileEncoding = 4; lastKnownFileType = sourcecode.swift; path = StoreViewController.swift; sourceTree = "<group>"; };
		04FBB72919EF8CDC00E763FC /* CameraController.swift */ = {isa = PBXFileReference; fileEncoding = 4; lastKnownFileType = sourcecode.swift; path = CameraController.swift; sourceTree = "<group>"; };
		04FBB72B19EF8D1B00E763FC /* CardGroup.swift */ = {isa = PBXFileReference; fileEncoding = 4; lastKnownFileType = sourcecode.swift; path = CardGroup.swift; sourceTree = "<group>"; };
		04FBB72D19EF90E600E763FC /* PlayerController.swift */ = {isa = PBXFileReference; fileEncoding = 4; lastKnownFileType = sourcecode.swift; path = PlayerController.swift; sourceTree = "<group>"; };
		04FBB72F19EF930300E763FC /* Table.swift */ = {isa = PBXFileReference; fileEncoding = 4; lastKnownFileType = sourcecode.swift; path = Table.swift; sourceTree = "<group>"; };
		04FBB73119F060F700E763FC /* MultipeerConnection.swift */ = {isa = PBXFileReference; fileEncoding = 4; lastKnownFileType = sourcecode.swift; path = MultipeerConnection.swift; sourceTree = "<group>"; };
		04FBB73319F0616900E763FC /* LobbyViewController.swift */ = {isa = PBXFileReference; fileEncoding = 4; lastKnownFileType = sourcecode.swift; path = LobbyViewController.swift; sourceTree = "<group>"; };
		3204915119F9FE9E00D6C6B5 /* ActiveEdgeScene.swift */ = {isa = PBXFileReference; fileEncoding = 4; lastKnownFileType = sourcecode.swift; path = ActiveEdgeScene.swift; sourceTree = "<group>"; };
		3204915419FB0CF000D6C6B5 /* HitTest.swift */ = {isa = PBXFileReference; fileEncoding = 4; lastKnownFileType = sourcecode.swift; path = HitTest.swift; sourceTree = "<group>"; };
		3252F23619ECD92E00DFB721 /* CardPlay.app */ = {isa = PBXFileReference; explicitFileType = wrapper.application; includeInIndex = 0; path = CardPlay.app; sourceTree = BUILT_PRODUCTS_DIR; };
		3252F23A19ECD92E00DFB721 /* Info.plist */ = {isa = PBXFileReference; lastKnownFileType = text.plist.xml; path = Info.plist; sourceTree = "<group>"; };
		3252F23B19ECD92E00DFB721 /* AppDelegate.swift */ = {isa = PBXFileReference; lastKnownFileType = sourcecode.swift; path = AppDelegate.swift; sourceTree = "<group>"; };
		3252F23D19ECD92E00DFB721 /* art.scnassets */ = {isa = PBXFileReference; lastKnownFileType = wrapper.scnassets; path = art.scnassets; sourceTree = "<group>"; };
		3252F23F19ECD92E00DFB721 /* GameViewController.swift */ = {isa = PBXFileReference; lastKnownFileType = sourcecode.swift; path = GameViewController.swift; sourceTree = "<group>"; };
		3252F24219ECD92E00DFB721 /* Base */ = {isa = PBXFileReference; lastKnownFileType = file.storyboard; name = Base; path = Base.lproj/Main.storyboard; sourceTree = "<group>"; };
		3252F24419ECD92E00DFB721 /* Images.xcassets */ = {isa = PBXFileReference; lastKnownFileType = folder.assetcatalog; path = Images.xcassets; sourceTree = "<group>"; };
		3252F24719ECD92E00DFB721 /* Base */ = {isa = PBXFileReference; lastKnownFileType = file.xib; name = Base; path = Base.lproj/LaunchScreen.xib; sourceTree = "<group>"; };
		3252F24D19ECD92E00DFB721 /* CardPlayTests.xctest */ = {isa = PBXFileReference; explicitFileType = wrapper.cfbundle; includeInIndex = 0; path = CardPlayTests.xctest; sourceTree = BUILT_PRODUCTS_DIR; };
		3252F25219ECD92E00DFB721 /* Info.plist */ = {isa = PBXFileReference; lastKnownFileType = text.plist.xml; path = Info.plist; sourceTree = "<group>"; };
		3252F25319ECD92E00DFB721 /* CardPlayTests.swift */ = {isa = PBXFileReference; lastKnownFileType = sourcecode.swift; path = CardPlayTests.swift; sourceTree = "<group>"; };
		3252F29119EDCC5A00DFB721 /* green-felt.jpg */ = {isa = PBXFileReference; lastKnownFileType = image.jpeg; name = "green-felt.jpg"; path = "CardPlay/art.scnassets/green-felt.jpg"; sourceTree = "<group>"; };
		32788CA319EE7A3C003EFD9E /* HandManager.swift */ = {isa = PBXFileReference; fileEncoding = 4; lastKnownFileType = sourcecode.swift; path = HandManager.swift; sourceTree = "<group>"; };
		32A7CE4A19F7360D00E0BE99 /* card-manifest_full.json */ = {isa = PBXFileReference; fileEncoding = 4; lastKnownFileType = text.json; name = "card-manifest_full.json"; path = "assets/json/card-manifest_full.json"; sourceTree = "<group>"; };
		32A7CE4C19F9AB4400E0BE99 /* PlayPoint.swift */ = {isa = PBXFileReference; fileEncoding = 4; lastKnownFileType = sourcecode.swift; path = PlayPoint.swift; sourceTree = "<group>"; };
		32A7CE5019F9B49000E0BE99 /* back-default.png */ = {isa = PBXFileReference; lastKnownFileType = image.png; path = "back-default.png"; sourceTree = "<group>"; };
		32A7CE5219F9B49000E0BE99 /* 10_of_clubs.png */ = {isa = PBXFileReference; lastKnownFileType = image.png; path = 10_of_clubs.png; sourceTree = "<group>"; };
		32A7CE5319F9B49000E0BE99 /* 10_of_diamonds.png */ = {isa = PBXFileReference; lastKnownFileType = image.png; path = 10_of_diamonds.png; sourceTree = "<group>"; };
		32A7CE5419F9B49000E0BE99 /* 10_of_hearts.png */ = {isa = PBXFileReference; lastKnownFileType = image.png; path = 10_of_hearts.png; sourceTree = "<group>"; };
		32A7CE5519F9B49000E0BE99 /* 10_of_spades.png */ = {isa = PBXFileReference; lastKnownFileType = image.png; path = 10_of_spades.png; sourceTree = "<group>"; };
		32A7CE5619F9B49000E0BE99 /* 2_of_clubs.png */ = {isa = PBXFileReference; lastKnownFileType = image.png; path = 2_of_clubs.png; sourceTree = "<group>"; };
		32A7CE5719F9B49000E0BE99 /* 2_of_diamonds.png */ = {isa = PBXFileReference; lastKnownFileType = image.png; path = 2_of_diamonds.png; sourceTree = "<group>"; };
		32A7CE5819F9B49000E0BE99 /* 2_of_hearts.png */ = {isa = PBXFileReference; lastKnownFileType = image.png; path = 2_of_hearts.png; sourceTree = "<group>"; };
		32A7CE5919F9B49000E0BE99 /* 2_of_spades.png */ = {isa = PBXFileReference; lastKnownFileType = image.png; path = 2_of_spades.png; sourceTree = "<group>"; };
		32A7CE5A19F9B49000E0BE99 /* 3_of_clubs.png */ = {isa = PBXFileReference; lastKnownFileType = image.png; path = 3_of_clubs.png; sourceTree = "<group>"; };
		32A7CE5B19F9B49000E0BE99 /* 3_of_diamonds.png */ = {isa = PBXFileReference; lastKnownFileType = image.png; path = 3_of_diamonds.png; sourceTree = "<group>"; };
		32A7CE5C19F9B49000E0BE99 /* 3_of_hearts.png */ = {isa = PBXFileReference; lastKnownFileType = image.png; path = 3_of_hearts.png; sourceTree = "<group>"; };
		32A7CE5D19F9B49000E0BE99 /* 3_of_spades.png */ = {isa = PBXFileReference; lastKnownFileType = image.png; path = 3_of_spades.png; sourceTree = "<group>"; };
		32A7CE5E19F9B49000E0BE99 /* 4_of_clubs.png */ = {isa = PBXFileReference; lastKnownFileType = image.png; path = 4_of_clubs.png; sourceTree = "<group>"; };
		32A7CE5F19F9B49000E0BE99 /* 4_of_diamonds.png */ = {isa = PBXFileReference; lastKnownFileType = image.png; path = 4_of_diamonds.png; sourceTree = "<group>"; };
		32A7CE6019F9B49000E0BE99 /* 4_of_hearts.png */ = {isa = PBXFileReference; lastKnownFileType = image.png; path = 4_of_hearts.png; sourceTree = "<group>"; };
		32A7CE6119F9B49000E0BE99 /* 4_of_spades.png */ = {isa = PBXFileReference; lastKnownFileType = image.png; path = 4_of_spades.png; sourceTree = "<group>"; };
		32A7CE6219F9B49000E0BE99 /* 5_of_clubs.png */ = {isa = PBXFileReference; lastKnownFileType = image.png; path = 5_of_clubs.png; sourceTree = "<group>"; };
		32A7CE6319F9B49000E0BE99 /* 5_of_diamonds.png */ = {isa = PBXFileReference; lastKnownFileType = image.png; path = 5_of_diamonds.png; sourceTree = "<group>"; };
		32A7CE6419F9B49000E0BE99 /* 5_of_hearts.png */ = {isa = PBXFileReference; lastKnownFileType = image.png; path = 5_of_hearts.png; sourceTree = "<group>"; };
		32A7CE6519F9B49000E0BE99 /* 5_of_spades.png */ = {isa = PBXFileReference; lastKnownFileType = image.png; path = 5_of_spades.png; sourceTree = "<group>"; };
		32A7CE6619F9B49000E0BE99 /* 6_of_clubs.png */ = {isa = PBXFileReference; lastKnownFileType = image.png; path = 6_of_clubs.png; sourceTree = "<group>"; };
		32A7CE6719F9B49000E0BE99 /* 6_of_diamonds.png */ = {isa = PBXFileReference; lastKnownFileType = image.png; path = 6_of_diamonds.png; sourceTree = "<group>"; };
		32A7CE6819F9B49000E0BE99 /* 6_of_hearts.png */ = {isa = PBXFileReference; lastKnownFileType = image.png; path = 6_of_hearts.png; sourceTree = "<group>"; };
		32A7CE6919F9B49000E0BE99 /* 6_of_spades.png */ = {isa = PBXFileReference; lastKnownFileType = image.png; path = 6_of_spades.png; sourceTree = "<group>"; };
		32A7CE6A19F9B49000E0BE99 /* 7_of_clubs.png */ = {isa = PBXFileReference; lastKnownFileType = image.png; path = 7_of_clubs.png; sourceTree = "<group>"; };
		32A7CE6B19F9B49000E0BE99 /* 7_of_diamonds.png */ = {isa = PBXFileReference; lastKnownFileType = image.png; path = 7_of_diamonds.png; sourceTree = "<group>"; };
		32A7CE6C19F9B49000E0BE99 /* 7_of_hearts.png */ = {isa = PBXFileReference; lastKnownFileType = image.png; path = 7_of_hearts.png; sourceTree = "<group>"; };
		32A7CE6D19F9B49000E0BE99 /* 7_of_spades.png */ = {isa = PBXFileReference; lastKnownFileType = image.png; path = 7_of_spades.png; sourceTree = "<group>"; };
		32A7CE6E19F9B49000E0BE99 /* 8_of_clubs.png */ = {isa = PBXFileReference; lastKnownFileType = image.png; path = 8_of_clubs.png; sourceTree = "<group>"; };
		32A7CE6F19F9B49000E0BE99 /* 8_of_diamonds.png */ = {isa = PBXFileReference; lastKnownFileType = image.png; path = 8_of_diamonds.png; sourceTree = "<group>"; };
		32A7CE7019F9B49000E0BE99 /* 8_of_hearts.png */ = {isa = PBXFileReference; lastKnownFileType = image.png; path = 8_of_hearts.png; sourceTree = "<group>"; };
		32A7CE7119F9B49000E0BE99 /* 8_of_spades.png */ = {isa = PBXFileReference; lastKnownFileType = image.png; path = 8_of_spades.png; sourceTree = "<group>"; };
		32A7CE7219F9B49000E0BE99 /* 9_of_clubs.png */ = {isa = PBXFileReference; lastKnownFileType = image.png; path = 9_of_clubs.png; sourceTree = "<group>"; };
		32A7CE7319F9B49000E0BE99 /* 9_of_diamonds.png */ = {isa = PBXFileReference; lastKnownFileType = image.png; path = 9_of_diamonds.png; sourceTree = "<group>"; };
		32A7CE7419F9B49000E0BE99 /* 9_of_hearts.png */ = {isa = PBXFileReference; lastKnownFileType = image.png; path = 9_of_hearts.png; sourceTree = "<group>"; };
		32A7CE7519F9B49000E0BE99 /* 9_of_spades.png */ = {isa = PBXFileReference; lastKnownFileType = image.png; path = 9_of_spades.png; sourceTree = "<group>"; };
		32A7CE7619F9B49000E0BE99 /* ace_of_clubs.png */ = {isa = PBXFileReference; lastKnownFileType = image.png; path = ace_of_clubs.png; sourceTree = "<group>"; };
		32A7CE7719F9B49000E0BE99 /* ace_of_diamonds.png */ = {isa = PBXFileReference; lastKnownFileType = image.png; path = ace_of_diamonds.png; sourceTree = "<group>"; };
		32A7CE7819F9B49000E0BE99 /* ace_of_hearts.png */ = {isa = PBXFileReference; lastKnownFileType = image.png; path = ace_of_hearts.png; sourceTree = "<group>"; };
		32A7CE7919F9B49000E0BE99 /* ace_of_spades.png */ = {isa = PBXFileReference; lastKnownFileType = image.png; path = ace_of_spades.png; sourceTree = "<group>"; };
		32A7CE7A19F9B49000E0BE99 /* ace_of_spades2.png */ = {isa = PBXFileReference; lastKnownFileType = image.png; path = ace_of_spades2.png; sourceTree = "<group>"; };
		32A7CE7B19F9B49000E0BE99 /* black_joker.png */ = {isa = PBXFileReference; lastKnownFileType = image.png; path = black_joker.png; sourceTree = "<group>"; };
		32A7CE7C19F9B49000E0BE99 /* jack_of_clubs.png */ = {isa = PBXFileReference; lastKnownFileType = image.png; path = jack_of_clubs.png; sourceTree = "<group>"; };
		32A7CE7D19F9B49000E0BE99 /* jack_of_clubs2.png */ = {isa = PBXFileReference; lastKnownFileType = image.png; path = jack_of_clubs2.png; sourceTree = "<group>"; };
		32A7CE7E19F9B49000E0BE99 /* jack_of_diamonds.png */ = {isa = PBXFileReference; lastKnownFileType = image.png; path = jack_of_diamonds.png; sourceTree = "<group>"; };
		32A7CE7F19F9B49000E0BE99 /* jack_of_diamonds2.png */ = {isa = PBXFileReference; lastKnownFileType = image.png; path = jack_of_diamonds2.png; sourceTree = "<group>"; };
		32A7CE8019F9B49000E0BE99 /* jack_of_hearts.png */ = {isa = PBXFileReference; lastKnownFileType = image.png; path = jack_of_hearts.png; sourceTree = "<group>"; };
		32A7CE8119F9B49000E0BE99 /* jack_of_hearts2.png */ = {isa = PBXFileReference; lastKnownFileType = image.png; path = jack_of_hearts2.png; sourceTree = "<group>"; };
		32A7CE8219F9B49000E0BE99 /* jack_of_spades.png */ = {isa = PBXFileReference; lastKnownFileType = image.png; path = jack_of_spades.png; sourceTree = "<group>"; };
		32A7CE8319F9B49000E0BE99 /* jack_of_spades2.png */ = {isa = PBXFileReference; lastKnownFileType = image.png; path = jack_of_spades2.png; sourceTree = "<group>"; };
		32A7CE8419F9B49000E0BE99 /* king_of_clubs.png */ = {isa = PBXFileReference; lastKnownFileType = image.png; path = king_of_clubs.png; sourceTree = "<group>"; };
		32A7CE8519F9B49000E0BE99 /* king_of_clubs2.png */ = {isa = PBXFileReference; lastKnownFileType = image.png; path = king_of_clubs2.png; sourceTree = "<group>"; };
		32A7CE8619F9B49000E0BE99 /* king_of_diamonds.png */ = {isa = PBXFileReference; lastKnownFileType = image.png; path = king_of_diamonds.png; sourceTree = "<group>"; };
		32A7CE8719F9B49000E0BE99 /* king_of_diamonds2.png */ = {isa = PBXFileReference; lastKnownFileType = image.png; path = king_of_diamonds2.png; sourceTree = "<group>"; };
		32A7CE8819F9B49000E0BE99 /* king_of_hearts.png */ = {isa = PBXFileReference; lastKnownFileType = image.png; path = king_of_hearts.png; sourceTree = "<group>"; };
		32A7CE8919F9B49000E0BE99 /* king_of_hearts2.png */ = {isa = PBXFileReference; lastKnownFileType = image.png; path = king_of_hearts2.png; sourceTree = "<group>"; };
		32A7CE8A19F9B49000E0BE99 /* king_of_spades.png */ = {isa = PBXFileReference; lastKnownFileType = image.png; path = king_of_spades.png; sourceTree = "<group>"; };
		32A7CE8B19F9B49000E0BE99 /* king_of_spades2.png */ = {isa = PBXFileReference; lastKnownFileType = image.png; path = king_of_spades2.png; sourceTree = "<group>"; };
		32A7CE8C19F9B49000E0BE99 /* queen_of_clubs.png */ = {isa = PBXFileReference; lastKnownFileType = image.png; path = queen_of_clubs.png; sourceTree = "<group>"; };
		32A7CE8D19F9B49000E0BE99 /* queen_of_clubs2.png */ = {isa = PBXFileReference; lastKnownFileType = image.png; path = queen_of_clubs2.png; sourceTree = "<group>"; };
		32A7CE8E19F9B49000E0BE99 /* queen_of_diamonds.png */ = {isa = PBXFileReference; lastKnownFileType = image.png; path = queen_of_diamonds.png; sourceTree = "<group>"; };
		32A7CE8F19F9B49000E0BE99 /* queen_of_diamonds2.png */ = {isa = PBXFileReference; lastKnownFileType = image.png; path = queen_of_diamonds2.png; sourceTree = "<group>"; };
		32A7CE9019F9B49000E0BE99 /* queen_of_hearts.png */ = {isa = PBXFileReference; lastKnownFileType = image.png; path = queen_of_hearts.png; sourceTree = "<group>"; };
		32A7CE9119F9B49000E0BE99 /* queen_of_hearts2.png */ = {isa = PBXFileReference; lastKnownFileType = image.png; path = queen_of_hearts2.png; sourceTree = "<group>"; };
		32A7CE9219F9B49000E0BE99 /* queen_of_spades.png */ = {isa = PBXFileReference; lastKnownFileType = image.png; path = queen_of_spades.png; sourceTree = "<group>"; };
		32A7CE9319F9B49000E0BE99 /* queen_of_spades2.png */ = {isa = PBXFileReference; lastKnownFileType = image.png; path = queen_of_spades2.png; sourceTree = "<group>"; };
		32A7CE9419F9B49000E0BE99 /* red_joker.png */ = {isa = PBXFileReference; lastKnownFileType = image.png; path = red_joker.png; sourceTree = "<group>"; };
		32AD196B19FF4219003CBE4B /* CardPlayBridging-Header.h */ = {isa = PBXFileReference; fileEncoding = 4; lastKnownFileType = sourcecode.c.h; path = "CardPlayBridging-Header.h"; sourceTree = "<group>"; };
		32AD199F19FF455A003CBE4B /* libTestFlight.a */ = {isa = PBXFileReference; lastKnownFileType = archive.ar; path = libTestFlight.a; sourceTree = "<group>"; };
		32AD19A019FF455A003CBE4B /* README.md */ = {isa = PBXFileReference; fileEncoding = 4; lastKnownFileType = net.daringfireball.markdown; path = README.md; sourceTree = "<group>"; };
		32AD19A119FF455A003CBE4B /* release_notes.md */ = {isa = PBXFileReference; fileEncoding = 4; lastKnownFileType = net.daringfireball.markdown; path = release_notes.md; sourceTree = "<group>"; };
		32AD19A219FF455A003CBE4B /* TestFlight+AsyncLogging.h */ = {isa = PBXFileReference; fileEncoding = 4; lastKnownFileType = sourcecode.c.h; path = "TestFlight+AsyncLogging.h"; sourceTree = "<group>"; };
		32AD19A319FF455A003CBE4B /* TestFlight+ManualSessions.h */ = {isa = PBXFileReference; fileEncoding = 4; lastKnownFileType = sourcecode.c.h; path = "TestFlight+ManualSessions.h"; sourceTree = "<group>"; };
		32AD19A419FF455A003CBE4B /* TestFlight.h */ = {isa = PBXFileReference; fileEncoding = 4; lastKnownFileType = sourcecode.c.h; path = TestFlight.h; sourceTree = "<group>"; };
		32AD19A819FF45BC003CBE4B /* libz.dylib */ = {isa = PBXFileReference; lastKnownFileType = "compiled.mach-o.dylib"; name = libz.dylib; path = usr/lib/libz.dylib; sourceTree = SDKROOT; };
		32DF23F419F254C70025F9A4 /* card-manifest.json */ = {isa = PBXFileReference; fileEncoding = 4; lastKnownFileType = text.json; name = "card-manifest.json"; path = "assets/json/card-manifest.json"; sourceTree = "<group>"; };
		32DF247E19F318F30025F9A4 /* CardNode.swift */ = {isa = PBXFileReference; fileEncoding = 4; lastKnownFileType = sourcecode.swift; path = CardNode.swift; sourceTree = "<group>"; };
/* End PBXFileReference section */

/* Begin PBXFrameworksBuildPhase section */
		3252F23319ECD92E00DFB721 /* Frameworks */ = {
			isa = PBXFrameworksBuildPhase;
			buildActionMask = 2147483647;
			files = (
				32AD19A919FF45BC003CBE4B /* libz.dylib in Frameworks */,
				32AD19A519FF455A003CBE4B /* libTestFlight.a in Frameworks */,
			);
			runOnlyForDeploymentPostprocessing = 0;
		};
		3252F24A19ECD92E00DFB721 /* Frameworks */ = {
			isa = PBXFrameworksBuildPhase;
			buildActionMask = 2147483647;
			files = (
			);
			runOnlyForDeploymentPostprocessing = 0;
		};
/* End PBXFrameworksBuildPhase section */

/* Begin PBXGroup section */
		0424D3E619F0D6D1004A80FF /* Views */ = {
			isa = PBXGroup;
			children = (
				3252F23F19ECD92E00DFB721 /* GameViewController.swift */,
				0424D3E219F064A3004A80FF /* PlayerMenuViewController.swift */,
				04FBB73319F0616900E763FC /* LobbyViewController.swift */,
				04DC984719F1AB5F00D69596 /* StoreViewController.swift */,
			);
			name = Views;
			sourceTree = "<group>";
		};
		0424D3E719F0D6E0004A80FF /* 3D World */ = {
			isa = PBXGroup;
			children = (
				32DF247E19F318F30025F9A4 /* CardNode.swift */,
				32788CA319EE7A3C003EFD9E /* HandManager.swift */,
				04FBB72919EF8CDC00E763FC /* CameraController.swift */,
				04FBB72B19EF8D1B00E763FC /* CardGroup.swift */,
				04FBB72D19EF90E600E763FC /* PlayerController.swift */,
				04FBB72F19EF930300E763FC /* Table.swift */,
				0424D3E419F0C91A004A80FF /* CardDeck.swift */,
				04DC984319F19CD600D69596 /* GameWorld.swift */,
				32A7CE4C19F9AB4400E0BE99 /* PlayPoint.swift */,
				3204915419FB0CF000D6C6B5 /* HitTest.swift */,
			);
			name = "3D World";
			sourceTree = "<group>";
		};
		0424D3E819F0D6FA004A80FF /* Connectivity */ = {
			isa = PBXGroup;
			children = (
				04FBB73119F060F700E763FC /* MultipeerConnection.swift */,
				04DC984519F1A9CD00D69596 /* CloudConnection.swift */,
			);
			name = Connectivity;
			sourceTree = "<group>";
		};
		3204915019F9FE7900D6C6B5 /* 2D Overlay */ = {
			isa = PBXGroup;
			children = (
				3204915119F9FE9E00D6C6B5 /* ActiveEdgeScene.swift */,
			);
			name = "2D Overlay";
			sourceTree = "<group>";
		};
		3252F22D19ECD92E00DFB721 = {
			isa = PBXGroup;
			children = (
				32AD19A819FF45BC003CBE4B /* libz.dylib */,
				32AD199E19FF455A003CBE4B /* TestFlightSDK3.0.2 */,
				3252F28F19EDCC4900DFB721 /* Resources */,
				3252F23819ECD92E00DFB721 /* CardPlay */,
				3252F25019ECD92E00DFB721 /* CardPlayTests */,
				3252F23719ECD92E00DFB721 /* Products */,
			);
			sourceTree = "<group>";
		};
		3252F23719ECD92E00DFB721 /* Products */ = {
			isa = PBXGroup;
			children = (
				3252F23619ECD92E00DFB721 /* CardPlay.app */,
				3252F24D19ECD92E00DFB721 /* CardPlayTests.xctest */,
			);
			name = Products;
			sourceTree = "<group>";
		};
		3252F23819ECD92E00DFB721 /* CardPlay */ = {
			isa = PBXGroup;
			children = (
				3204915019F9FE7900D6C6B5 /* 2D Overlay */,
				0424D3E819F0D6FA004A80FF /* Connectivity */,
				0424D3E719F0D6E0004A80FF /* 3D World */,
				0424D3E619F0D6D1004A80FF /* Views */,
				3252F24419ECD92E00DFB721 /* Images.xcassets */,
				3252F23D19ECD92E00DFB721 /* art.scnassets */,
				3252F24119ECD92E00DFB721 /* Main.storyboard */,
				3252F24619ECD92E00DFB721 /* LaunchScreen.xib */,
				3252F23B19ECD92E00DFB721 /* AppDelegate.swift */,
				3252F23919ECD92E00DFB721 /* Supporting Files */,
			);
			path = CardPlay;
			sourceTree = "<group>";
		};
		3252F23919ECD92E00DFB721 /* Supporting Files */ = {
			isa = PBXGroup;
			children = (
				3252F23A19ECD92E00DFB721 /* Info.plist */,
				32AD196B19FF4219003CBE4B /* CardPlayBridging-Header.h */,
			);
			name = "Supporting Files";
			sourceTree = "<group>";
		};
		3252F25019ECD92E00DFB721 /* CardPlayTests */ = {
			isa = PBXGroup;
			children = (
				3252F25319ECD92E00DFB721 /* CardPlayTests.swift */,
				3252F25119ECD92E00DFB721 /* Supporting Files */,
			);
			path = CardPlayTests;
			sourceTree = "<group>";
		};
		3252F25119ECD92E00DFB721 /* Supporting Files */ = {
			isa = PBXGroup;
			children = (
				3252F25219ECD92E00DFB721 /* Info.plist */,
			);
			name = "Supporting Files";
			sourceTree = "<group>";
		};
		3252F28F19EDCC4900DFB721 /* Resources */ = {
			isa = PBXGroup;
			children = (
				32DF23F319F254860025F9A4 /* json */,
				3252F29019EDCC5000DFB721 /* images */,
			);
			name = Resources;
			sourceTree = "<group>";
		};
		3252F29019EDCC5000DFB721 /* images */ = {
			isa = PBXGroup;
			children = (
				32A7CE4E19F9B47B00E0BE99 /* SD */,
				32DF23F219F254770025F9A4 /* environment */,
			);
			name = images;
			sourceTree = "<group>";
		};
		32A7CE4E19F9B47B00E0BE99 /* SD */ = {
			isa = PBXGroup;
			children = (
				32A7CE4F19F9B49000E0BE99 /* back */,
				32A7CE5119F9B49000E0BE99 /* front */,
			);
			name = SD;
			sourceTree = "<group>";
		};
		32A7CE4F19F9B49000E0BE99 /* back */ = {
			isa = PBXGroup;
			children = (
				32A7CE5019F9B49000E0BE99 /* back-default.png */,
			);
			name = back;
			path = "assets/images/deck-default/SD/back";
			sourceTree = "<group>";
		};
		32A7CE5119F9B49000E0BE99 /* front */ = {
			isa = PBXGroup;
			children = (
				32A7CE5219F9B49000E0BE99 /* 10_of_clubs.png */,
				32A7CE5319F9B49000E0BE99 /* 10_of_diamonds.png */,
				32A7CE5419F9B49000E0BE99 /* 10_of_hearts.png */,
				32A7CE5519F9B49000E0BE99 /* 10_of_spades.png */,
				32A7CE5619F9B49000E0BE99 /* 2_of_clubs.png */,
				32A7CE5719F9B49000E0BE99 /* 2_of_diamonds.png */,
				32A7CE5819F9B49000E0BE99 /* 2_of_hearts.png */,
				32A7CE5919F9B49000E0BE99 /* 2_of_spades.png */,
				32A7CE5A19F9B49000E0BE99 /* 3_of_clubs.png */,
				32A7CE5B19F9B49000E0BE99 /* 3_of_diamonds.png */,
				32A7CE5C19F9B49000E0BE99 /* 3_of_hearts.png */,
				32A7CE5D19F9B49000E0BE99 /* 3_of_spades.png */,
				32A7CE5E19F9B49000E0BE99 /* 4_of_clubs.png */,
				32A7CE5F19F9B49000E0BE99 /* 4_of_diamonds.png */,
				32A7CE6019F9B49000E0BE99 /* 4_of_hearts.png */,
				32A7CE6119F9B49000E0BE99 /* 4_of_spades.png */,
				32A7CE6219F9B49000E0BE99 /* 5_of_clubs.png */,
				32A7CE6319F9B49000E0BE99 /* 5_of_diamonds.png */,
				32A7CE6419F9B49000E0BE99 /* 5_of_hearts.png */,
				32A7CE6519F9B49000E0BE99 /* 5_of_spades.png */,
				32A7CE6619F9B49000E0BE99 /* 6_of_clubs.png */,
				32A7CE6719F9B49000E0BE99 /* 6_of_diamonds.png */,
				32A7CE6819F9B49000E0BE99 /* 6_of_hearts.png */,
				32A7CE6919F9B49000E0BE99 /* 6_of_spades.png */,
				32A7CE6A19F9B49000E0BE99 /* 7_of_clubs.png */,
				32A7CE6B19F9B49000E0BE99 /* 7_of_diamonds.png */,
				32A7CE6C19F9B49000E0BE99 /* 7_of_hearts.png */,
				32A7CE6D19F9B49000E0BE99 /* 7_of_spades.png */,
				32A7CE6E19F9B49000E0BE99 /* 8_of_clubs.png */,
				32A7CE6F19F9B49000E0BE99 /* 8_of_diamonds.png */,
				32A7CE7019F9B49000E0BE99 /* 8_of_hearts.png */,
				32A7CE7119F9B49000E0BE99 /* 8_of_spades.png */,
				32A7CE7219F9B49000E0BE99 /* 9_of_clubs.png */,
				32A7CE7319F9B49000E0BE99 /* 9_of_diamonds.png */,
				32A7CE7419F9B49000E0BE99 /* 9_of_hearts.png */,
				32A7CE7519F9B49000E0BE99 /* 9_of_spades.png */,
				32A7CE7619F9B49000E0BE99 /* ace_of_clubs.png */,
				32A7CE7719F9B49000E0BE99 /* ace_of_diamonds.png */,
				32A7CE7819F9B49000E0BE99 /* ace_of_hearts.png */,
				32A7CE7919F9B49000E0BE99 /* ace_of_spades.png */,
				32A7CE7A19F9B49000E0BE99 /* ace_of_spades2.png */,
				32A7CE7B19F9B49000E0BE99 /* black_joker.png */,
				32A7CE7C19F9B49000E0BE99 /* jack_of_clubs.png */,
				32A7CE7D19F9B49000E0BE99 /* jack_of_clubs2.png */,
				32A7CE7E19F9B49000E0BE99 /* jack_of_diamonds.png */,
				32A7CE7F19F9B49000E0BE99 /* jack_of_diamonds2.png */,
				32A7CE8019F9B49000E0BE99 /* jack_of_hearts.png */,
				32A7CE8119F9B49000E0BE99 /* jack_of_hearts2.png */,
				32A7CE8219F9B49000E0BE99 /* jack_of_spades.png */,
				32A7CE8319F9B49000E0BE99 /* jack_of_spades2.png */,
				32A7CE8419F9B49000E0BE99 /* king_of_clubs.png */,
				32A7CE8519F9B49000E0BE99 /* king_of_clubs2.png */,
				32A7CE8619F9B49000E0BE99 /* king_of_diamonds.png */,
				32A7CE8719F9B49000E0BE99 /* king_of_diamonds2.png */,
				32A7CE8819F9B49000E0BE99 /* king_of_hearts.png */,
				32A7CE8919F9B49000E0BE99 /* king_of_hearts2.png */,
				32A7CE8A19F9B49000E0BE99 /* king_of_spades.png */,
				32A7CE8B19F9B49000E0BE99 /* king_of_spades2.png */,
				32A7CE8C19F9B49000E0BE99 /* queen_of_clubs.png */,
				32A7CE8D19F9B49000E0BE99 /* queen_of_clubs2.png */,
				32A7CE8E19F9B49000E0BE99 /* queen_of_diamonds.png */,
				32A7CE8F19F9B49000E0BE99 /* queen_of_diamonds2.png */,
				32A7CE9019F9B49000E0BE99 /* queen_of_hearts.png */,
				32A7CE9119F9B49000E0BE99 /* queen_of_hearts2.png */,
				32A7CE9219F9B49000E0BE99 /* queen_of_spades.png */,
				32A7CE9319F9B49000E0BE99 /* queen_of_spades2.png */,
				32A7CE9419F9B49000E0BE99 /* red_joker.png */,
			);
			name = front;
			path = "assets/images/deck-default/SD/front";
			sourceTree = "<group>";
		};
		32AD199E19FF455A003CBE4B /* TestFlightSDK3.0.2 */ = {
			isa = PBXGroup;
			children = (
				32AD199F19FF455A003CBE4B /* libTestFlight.a */,
				32AD19A019FF455A003CBE4B /* README.md */,
				32AD19A119FF455A003CBE4B /* release_notes.md */,
				32AD19A219FF455A003CBE4B /* TestFlight+AsyncLogging.h */,
				32AD19A319FF455A003CBE4B /* TestFlight+ManualSessions.h */,
				32AD19A419FF455A003CBE4B /* TestFlight.h */,
			);
			path = TestFlightSDK3.0.2;
			sourceTree = "<group>";
		};
		32DF23F219F254770025F9A4 /* environment */ = {
			isa = PBXGroup;
			children = (
				3252F29119EDCC5A00DFB721 /* green-felt.jpg */,
			);
			name = environment;
			sourceTree = "<group>";
		};
		32DF23F319F254860025F9A4 /* json */ = {
			isa = PBXGroup;
			children = (
				32A7CE4A19F7360D00E0BE99 /* card-manifest_full.json */,
				32DF23F419F254C70025F9A4 /* card-manifest.json */,
			);
			name = json;
			sourceTree = "<group>";
		};
/* End PBXGroup section */

/* Begin PBXNativeTarget section */
		3252F23519ECD92E00DFB721 /* CardPlay */ = {
			isa = PBXNativeTarget;
			buildConfigurationList = 3252F25719ECD92E00DFB721 /* Build configuration list for PBXNativeTarget "CardPlay" */;
			buildPhases = (
				3252F23219ECD92E00DFB721 /* Sources */,
				3252F23319ECD92E00DFB721 /* Frameworks */,
				3252F23419ECD92E00DFB721 /* Resources */,
			);
			buildRules = (
			);
			dependencies = (
			);
			name = CardPlay;
			productName = CardPlay;
			productReference = 3252F23619ECD92E00DFB721 /* CardPlay.app */;
			productType = "com.apple.product-type.application";
		};
		3252F24C19ECD92E00DFB721 /* CardPlayTests */ = {
			isa = PBXNativeTarget;
			buildConfigurationList = 3252F25A19ECD92E00DFB721 /* Build configuration list for PBXNativeTarget "CardPlayTests" */;
			buildPhases = (
				3252F24919ECD92E00DFB721 /* Sources */,
				3252F24A19ECD92E00DFB721 /* Frameworks */,
				3252F24B19ECD92E00DFB721 /* Resources */,
			);
			buildRules = (
			);
			dependencies = (
				3252F24F19ECD92E00DFB721 /* PBXTargetDependency */,
			);
			name = CardPlayTests;
			productName = CardPlayTests;
			productReference = 3252F24D19ECD92E00DFB721 /* CardPlayTests.xctest */;
			productType = "com.apple.product-type.bundle.unit-test";
		};
/* End PBXNativeTarget section */

/* Begin PBXProject section */
		3252F22E19ECD92E00DFB721 /* Project object */ = {
			isa = PBXProject;
			attributes = {
				LastUpgradeCheck = 0600;
				ORGANIZATIONNAME = "Michael Garrido";
				TargetAttributes = {
					3252F23519ECD92E00DFB721 = {
						CreatedOnToolsVersion = 6.0.1;
						DevelopmentTeam = 6YZKH4NY5P;
					};
					3252F24C19ECD92E00DFB721 = {
						CreatedOnToolsVersion = 6.0.1;
						TestTargetID = 3252F23519ECD92E00DFB721;
					};
				};
			};
			buildConfigurationList = 3252F23119ECD92E00DFB721 /* Build configuration list for PBXProject "CardPlay" */;
			compatibilityVersion = "Xcode 3.2";
			developmentRegion = English;
			hasScannedForEncodings = 0;
			knownRegions = (
				en,
				Base,
			);
			mainGroup = 3252F22D19ECD92E00DFB721;
			productRefGroup = 3252F23719ECD92E00DFB721 /* Products */;
			projectDirPath = "";
			projectRoot = "";
			targets = (
				3252F23519ECD92E00DFB721 /* CardPlay */,
				3252F24C19ECD92E00DFB721 /* CardPlayTests */,
			);
		};
/* End PBXProject section */

/* Begin PBXResourcesBuildPhase section */
		3252F23419ECD92E00DFB721 /* Resources */ = {
			isa = PBXResourcesBuildPhase;
			buildActionMask = 2147483647;
			files = (
				32A7CEB019F9B49000E0BE99 /* 7_of_hearts.png in Resources */,
				32A7CED319F9B49000E0BE99 /* queen_of_diamonds2.png in Resources */,
				32A7CEBC19F9B49000E0BE99 /* ace_of_hearts.png in Resources */,
				32A7CE9E19F9B49000E0BE99 /* 3_of_clubs.png in Resources */,
				32A7CE9719F9B49000E0BE99 /* 10_of_diamonds.png in Resources */,
				32A7CEC819F9B49000E0BE99 /* king_of_clubs.png in Resources */,
				32A7CEAB19F9B49000E0BE99 /* 6_of_diamonds.png in Resources */,
				32A7CEBF19F9B49000E0BE99 /* black_joker.png in Resources */,
				32A7CECA19F9B49000E0BE99 /* king_of_diamonds.png in Resources */,
				32A7CEB119F9B49000E0BE99 /* 7_of_spades.png in Resources */,
				3252F24819ECD92E00DFB721 /* LaunchScreen.xib in Resources */,
				32A7CEAA19F9B49000E0BE99 /* 6_of_clubs.png in Resources */,
				32A7CEA219F9B49000E0BE99 /* 4_of_clubs.png in Resources */,
				32A7CEC019F9B49000E0BE99 /* jack_of_clubs.png in Resources */,
				32A7CE4B19F7360D00E0BE99 /* card-manifest_full.json in Resources */,
				32A7CEB619F9B49000E0BE99 /* 9_of_clubs.png in Resources */,
				32A7CEB919F9B49000E0BE99 /* 9_of_spades.png in Resources */,
				32A7CE9919F9B49000E0BE99 /* 10_of_spades.png in Resources */,
				32A7CE9C19F9B49000E0BE99 /* 2_of_hearts.png in Resources */,
				32A7CEA719F9B49000E0BE99 /* 5_of_diamonds.png in Resources */,
				32A7CEBE19F9B49000E0BE99 /* ace_of_spades2.png in Resources */,
				32A7CE9B19F9B49000E0BE99 /* 2_of_diamonds.png in Resources */,
				32A7CEAE19F9B49000E0BE99 /* 7_of_clubs.png in Resources */,
				32A7CED119F9B49000E0BE99 /* queen_of_clubs2.png in Resources */,
				32A7CEAD19F9B49000E0BE99 /* 6_of_spades.png in Resources */,
				32A7CED019F9B49000E0BE99 /* queen_of_clubs.png in Resources */,
				32A7CED419F9B49000E0BE99 /* queen_of_hearts.png in Resources */,
				3252F29219EDCC5A00DFB721 /* green-felt.jpg in Resources */,
				32A7CEA519F9B49000E0BE99 /* 4_of_spades.png in Resources */,
				32A7CEC919F9B49000E0BE99 /* king_of_clubs2.png in Resources */,
				32A7CEA119F9B49000E0BE99 /* 3_of_spades.png in Resources */,
				32A7CEB819F9B49000E0BE99 /* 9_of_hearts.png in Resources */,
				32A7CEB219F9B49000E0BE99 /* 8_of_clubs.png in Resources */,
				32A7CECE19F9B49000E0BE99 /* king_of_spades.png in Resources */,
				32A7CE9D19F9B49000E0BE99 /* 2_of_spades.png in Resources */,
				32A7CEC519F9B49000E0BE99 /* jack_of_hearts2.png in Resources */,
				32A7CEB419F9B49000E0BE99 /* 8_of_hearts.png in Resources */,
				32A7CEAF19F9B49000E0BE99 /* 7_of_diamonds.png in Resources */,
				32A7CEBB19F9B49000E0BE99 /* ace_of_diamonds.png in Resources */,
				32A7CEB719F9B49000E0BE99 /* 9_of_diamonds.png in Resources */,
				32A7CED719F9B49000E0BE99 /* queen_of_spades2.png in Resources */,
				32A7CEC319F9B49000E0BE99 /* jack_of_diamonds2.png in Resources */,
				32A7CED519F9B49000E0BE99 /* queen_of_hearts2.png in Resources */,
				32DF23F519F254C70025F9A4 /* card-manifest.json in Resources */,
				32A7CECF19F9B49000E0BE99 /* king_of_spades2.png in Resources */,
				32A7CEA319F9B49000E0BE99 /* 4_of_diamonds.png in Resources */,
				32A7CED219F9B49000E0BE99 /* queen_of_diamonds.png in Resources */,
				32A7CEAC19F9B49000E0BE99 /* 6_of_hearts.png in Resources */,
				32A7CEA019F9B49000E0BE99 /* 3_of_hearts.png in Resources */,
				32A7CED819F9B49000E0BE99 /* red_joker.png in Resources */,
				32A7CEBD19F9B49000E0BE99 /* ace_of_spades.png in Resources */,
				32A7CEC219F9B49000E0BE99 /* jack_of_diamonds.png in Resources */,
				32A7CEC119F9B49000E0BE99 /* jack_of_clubs2.png in Resources */,
				32A7CECC19F9B49000E0BE99 /* king_of_hearts.png in Resources */,
				32A7CECB19F9B49000E0BE99 /* king_of_diamonds2.png in Resources */,
				32A7CEA619F9B49000E0BE99 /* 5_of_clubs.png in Resources */,
				3252F24519ECD92E00DFB721 /* Images.xcassets in Resources */,
				32A7CEC719F9B49000E0BE99 /* jack_of_spades2.png in Resources */,
				3252F23E19ECD92E00DFB721 /* art.scnassets in Resources */,
				32A7CEB519F9B49000E0BE99 /* 8_of_spades.png in Resources */,
				32A7CEBA19F9B49000E0BE99 /* ace_of_clubs.png in Resources */,
				32A7CEA819F9B49000E0BE99 /* 5_of_hearts.png in Resources */,
				32A7CE9A19F9B49000E0BE99 /* 2_of_clubs.png in Resources */,
				32A7CEC419F9B49000E0BE99 /* jack_of_hearts.png in Resources */,
				32A7CE9519F9B49000E0BE99 /* back-default.png in Resources */,
				32A7CE9819F9B49000E0BE99 /* 10_of_hearts.png in Resources */,
				3252F24319ECD92E00DFB721 /* Main.storyboard in Resources */,
				32A7CE9619F9B49000E0BE99 /* 10_of_clubs.png in Resources */,
				32A7CEB319F9B49000E0BE99 /* 8_of_diamonds.png in Resources */,
				32A7CECD19F9B49000E0BE99 /* king_of_hearts2.png in Resources */,
				32A7CE9F19F9B49000E0BE99 /* 3_of_diamonds.png in Resources */,
				32A7CEA919F9B49000E0BE99 /* 5_of_spades.png in Resources */,
				32A7CED619F9B49000E0BE99 /* queen_of_spades.png in Resources */,
				32A7CEA419F9B49000E0BE99 /* 4_of_hearts.png in Resources */,
				32A7CEC619F9B49000E0BE99 /* jack_of_spades.png in Resources */,
			);
			runOnlyForDeploymentPostprocessing = 0;
		};
		3252F24B19ECD92E00DFB721 /* Resources */ = {
			isa = PBXResourcesBuildPhase;
			buildActionMask = 2147483647;
			files = (
			);
			runOnlyForDeploymentPostprocessing = 0;
		};
/* End PBXResourcesBuildPhase section */

/* Begin PBXSourcesBuildPhase section */
		3252F23219ECD92E00DFB721 /* Sources */ = {
			isa = PBXSourcesBuildPhase;
			buildActionMask = 2147483647;
			files = (
				3204915219F9FE9E00D6C6B5 /* ActiveEdgeScene.swift in Sources */,
				04FBB73419F0616900E763FC /* LobbyViewController.swift in Sources */,
				0424D3E319F064A3004A80FF /* PlayerMenuViewController.swift in Sources */,
				04FBB72C19EF8D1B00E763FC /* CardGroup.swift in Sources */,
				32AD19A719FF455A003CBE4B /* release_notes.md in Sources */,
				3252F24019ECD92E00DFB721 /* GameViewController.swift in Sources */,
				3204915519FB0CF000D6C6B5 /* HitTest.swift in Sources */,
				04DC984819F1AB5F00D69596 /* StoreViewController.swift in Sources */,
				04DC984619F1A9CD00D69596 /* CloudConnection.swift in Sources */,
				32788CA419EE7A3C003EFD9E /* HandManager.swift in Sources */,
				0424D3E519F0C91A004A80FF /* CardDeck.swift in Sources */,
				32A7CE4D19F9AB4400E0BE99 /* PlayPoint.swift in Sources */,
				04FBB72E19EF90E600E763FC /* PlayerController.swift in Sources */,
				04DC984419F19CD600D69596 /* GameWorld.swift in Sources */,
				32AD19A619FF455A003CBE4B /* README.md in Sources */,
				3252F23C19ECD92E00DFB721 /* AppDelegate.swift in Sources */,
				04FBB73019EF930300E763FC /* Table.swift in Sources */,
				32DF247F19F318F30025F9A4 /* CardNode.swift in Sources */,
				04FBB72A19EF8CDC00E763FC /* CameraController.swift in Sources */,
				04FBB73219F060F700E763FC /* MultipeerConnection.swift in Sources */,
			);
			runOnlyForDeploymentPostprocessing = 0;
		};
		3252F24919ECD92E00DFB721 /* Sources */ = {
			isa = PBXSourcesBuildPhase;
			buildActionMask = 2147483647;
			files = (
				3252F25419ECD92E00DFB721 /* CardPlayTests.swift in Sources */,
			);
			runOnlyForDeploymentPostprocessing = 0;
		};
/* End PBXSourcesBuildPhase section */

/* Begin PBXTargetDependency section */
		3252F24F19ECD92E00DFB721 /* PBXTargetDependency */ = {
			isa = PBXTargetDependency;
			target = 3252F23519ECD92E00DFB721 /* CardPlay */;
			targetProxy = 3252F24E19ECD92E00DFB721 /* PBXContainerItemProxy */;
		};
/* End PBXTargetDependency section */

/* Begin PBXVariantGroup section */
		3252F24119ECD92E00DFB721 /* Main.storyboard */ = {
			isa = PBXVariantGroup;
			children = (
				3252F24219ECD92E00DFB721 /* Base */,
			);
			name = Main.storyboard;
			sourceTree = "<group>";
		};
		3252F24619ECD92E00DFB721 /* LaunchScreen.xib */ = {
			isa = PBXVariantGroup;
			children = (
				3252F24719ECD92E00DFB721 /* Base */,
			);
			name = LaunchScreen.xib;
			sourceTree = "<group>";
		};
/* End PBXVariantGroup section */

/* Begin XCBuildConfiguration section */
		3252F25519ECD92E00DFB721 /* Debug */ = {
			isa = XCBuildConfiguration;
			buildSettings = {
				ALWAYS_SEARCH_USER_PATHS = NO;
				CLANG_CXX_LANGUAGE_STANDARD = "gnu++0x";
				CLANG_CXX_LIBRARY = "libc++";
				CLANG_ENABLE_MODULES = YES;
				CLANG_ENABLE_OBJC_ARC = YES;
				CLANG_WARN_BOOL_CONVERSION = YES;
				CLANG_WARN_CONSTANT_CONVERSION = YES;
				CLANG_WARN_DIRECT_OBJC_ISA_USAGE = YES_ERROR;
				CLANG_WARN_EMPTY_BODY = YES;
				CLANG_WARN_ENUM_CONVERSION = YES;
				CLANG_WARN_INT_CONVERSION = YES;
				CLANG_WARN_OBJC_ROOT_CLASS = YES_ERROR;
				CLANG_WARN_UNREACHABLE_CODE = YES;
				CLANG_WARN__DUPLICATE_METHOD_MATCH = YES;
				"CODE_SIGN_IDENTITY[sdk=iphoneos*]" = "iPhone Developer";
				COPY_PHASE_STRIP = NO;
				ENABLE_STRICT_OBJC_MSGSEND = YES;
				GCC_C_LANGUAGE_STANDARD = gnu99;
				GCC_DYNAMIC_NO_PIC = NO;
				GCC_OPTIMIZATION_LEVEL = 0;
				GCC_PREPROCESSOR_DEFINITIONS = (
					"DEBUG=1",
					"$(inherited)",
				);
				GCC_SYMBOLS_PRIVATE_EXTERN = NO;
				GCC_WARN_64_TO_32_BIT_CONVERSION = YES;
				GCC_WARN_ABOUT_RETURN_TYPE = YES_ERROR;
				GCC_WARN_UNDECLARED_SELECTOR = YES;
				GCC_WARN_UNINITIALIZED_AUTOS = YES_AGGRESSIVE;
				GCC_WARN_UNUSED_FUNCTION = YES;
				GCC_WARN_UNUSED_VARIABLE = YES;
				IPHONEOS_DEPLOYMENT_TARGET = 8.0;
				MTL_ENABLE_DEBUG_INFO = YES;
				ONLY_ACTIVE_ARCH = YES;
				SDKROOT = iphoneos;
				SWIFT_OPTIMIZATION_LEVEL = "-Onone";
				TARGETED_DEVICE_FAMILY = "1,2";
			};
			name = Debug;
		};
		3252F25619ECD92E00DFB721 /* Release */ = {
			isa = XCBuildConfiguration;
			buildSettings = {
				ALWAYS_SEARCH_USER_PATHS = NO;
				CLANG_CXX_LANGUAGE_STANDARD = "gnu++0x";
				CLANG_CXX_LIBRARY = "libc++";
				CLANG_ENABLE_MODULES = YES;
				CLANG_ENABLE_OBJC_ARC = YES;
				CLANG_WARN_BOOL_CONVERSION = YES;
				CLANG_WARN_CONSTANT_CONVERSION = YES;
				CLANG_WARN_DIRECT_OBJC_ISA_USAGE = YES_ERROR;
				CLANG_WARN_EMPTY_BODY = YES;
				CLANG_WARN_ENUM_CONVERSION = YES;
				CLANG_WARN_INT_CONVERSION = YES;
				CLANG_WARN_OBJC_ROOT_CLASS = YES_ERROR;
				CLANG_WARN_UNREACHABLE_CODE = YES;
				CLANG_WARN__DUPLICATE_METHOD_MATCH = YES;
				"CODE_SIGN_IDENTITY[sdk=iphoneos*]" = "iPhone Developer";
				COPY_PHASE_STRIP = YES;
				ENABLE_NS_ASSERTIONS = NO;
				ENABLE_STRICT_OBJC_MSGSEND = YES;
				GCC_C_LANGUAGE_STANDARD = gnu99;
				GCC_WARN_64_TO_32_BIT_CONVERSION = YES;
				GCC_WARN_ABOUT_RETURN_TYPE = YES_ERROR;
				GCC_WARN_UNDECLARED_SELECTOR = YES;
				GCC_WARN_UNINITIALIZED_AUTOS = YES_AGGRESSIVE;
				GCC_WARN_UNUSED_FUNCTION = YES;
				GCC_WARN_UNUSED_VARIABLE = YES;
				IPHONEOS_DEPLOYMENT_TARGET = 8.0;
				MTL_ENABLE_DEBUG_INFO = NO;
				SDKROOT = iphoneos;
				TARGETED_DEVICE_FAMILY = "1,2";
				VALIDATE_PRODUCT = YES;
			};
			name = Release;
		};
		3252F25819ECD92E00DFB721 /* Debug */ = {
			isa = XCBuildConfiguration;
			buildSettings = {
				ASSETCATALOG_COMPILER_APPICON_NAME = AppIcon;
				CODE_SIGN_IDENTITY = "iPhone Developer";
				"CODE_SIGN_IDENTITY[sdk=iphoneos*]" = "iPhone Developer";
				CODE_SIGN_RESOURCE_RULES_PATH = "$(SDKROOT)/ResourceRules.plist";
				INFOPLIST_FILE = CardPlay/Info.plist;
				LD_RUNPATH_SEARCH_PATHS = "$(inherited) @executable_path/Frameworks";
				LIBRARY_SEARCH_PATHS = (
					"$(inherited)",
					"$(PROJECT_DIR)/CardPlay/TestFlightSDK3.0.2",
					"$(PROJECT_DIR)/TestFlightSDK3.0.2",
				);
				PRODUCT_NAME = "$(TARGET_NAME)";
				PROVISIONING_PROFILE = "";
				SWIFT_OBJC_BRIDGING_HEADER = "/Users/michaelgarrido/CardPlay/iOSNative/CardPlay/CardPlay/CardPlayBridging-Header.h";
			};
			name = Debug;
		};
		3252F25919ECD92E00DFB721 /* Release */ = {
			isa = XCBuildConfiguration;
			buildSettings = {
				ASSETCATALOG_COMPILER_APPICON_NAME = AppIcon;
				CODE_SIGN_IDENTITY = "iPhone Developer";
				"CODE_SIGN_IDENTITY[sdk=iphoneos*]" = "iPhone Developer";
				CODE_SIGN_RESOURCE_RULES_PATH = "$(SDKROOT)/ResourceRules.plist";
				INFOPLIST_FILE = CardPlay/Info.plist;
				LD_RUNPATH_SEARCH_PATHS = "$(inherited) @executable_path/Frameworks";
				LIBRARY_SEARCH_PATHS = (
					"$(inherited)",
					"$(PROJECT_DIR)/CardPlay/TestFlightSDK3.0.2",
					"$(PROJECT_DIR)/TestFlightSDK3.0.2",
				);
				PRODUCT_NAME = "$(TARGET_NAME)";
				PROVISIONING_PROFILE = "";
				SWIFT_OBJC_BRIDGING_HEADER = "/Users/michaelgarrido/CardPlay/iOSNative/CardPlay/CardPlay/CardPlayBridging-Header.h";
			};
			name = Release;
		};
		3252F25B19ECD92E00DFB721 /* Debug */ = {
			isa = XCBuildConfiguration;
			buildSettings = {
				BUNDLE_LOADER = "$(TEST_HOST)";
				FRAMEWORK_SEARCH_PATHS = (
					"$(SDKROOT)/Developer/Library/Frameworks",
					"$(inherited)",
				);
				GCC_PREPROCESSOR_DEFINITIONS = (
					"DEBUG=1",
					"$(inherited)",
				);
				INFOPLIST_FILE = CardPlayTests/Info.plist;
				LD_RUNPATH_SEARCH_PATHS = "$(inherited) @executable_path/Frameworks @loader_path/Frameworks";
				PRODUCT_NAME = "$(TARGET_NAME)";
				TEST_HOST = "$(BUILT_PRODUCTS_DIR)/CardPlay.app/CardPlay";
			};
			name = Debug;
		};
		3252F25C19ECD92E00DFB721 /* Release */ = {
			isa = XCBuildConfiguration;
			buildSettings = {
				BUNDLE_LOADER = "$(TEST_HOST)";
				FRAMEWORK_SEARCH_PATHS = (
					"$(SDKROOT)/Developer/Library/Frameworks",
					"$(inherited)",
				);
				INFOPLIST_FILE = CardPlayTests/Info.plist;
				LD_RUNPATH_SEARCH_PATHS = "$(inherited) @executable_path/Frameworks @loader_path/Frameworks";
				PRODUCT_NAME = "$(TARGET_NAME)";
				TEST_HOST = "$(BUILT_PRODUCTS_DIR)/CardPlay.app/CardPlay";
			};
			name = Release;
		};
/* End XCBuildConfiguration section */

/* Begin XCConfigurationList section */
		3252F23119ECD92E00DFB721 /* Build configuration list for PBXProject "CardPlay" */ = {
			isa = XCConfigurationList;
			buildConfigurations = (
				3252F25519ECD92E00DFB721 /* Debug */,
				3252F25619ECD92E00DFB721 /* Release */,
			);
			defaultConfigurationIsVisible = 0;
			defaultConfigurationName = Release;
		};
		3252F25719ECD92E00DFB721 /* Build configuration list for PBXNativeTarget "CardPlay" */ = {
			isa = XCConfigurationList;
			buildConfigurations = (
				3252F25819ECD92E00DFB721 /* Debug */,
				3252F25919ECD92E00DFB721 /* Release */,
			);
			defaultConfigurationIsVisible = 0;
			defaultConfigurationName = Release;
		};
		3252F25A19ECD92E00DFB721 /* Build configuration list for PBXNativeTarget "CardPlayTests" */ = {
			isa = XCConfigurationList;
			buildConfigurations = (
				3252F25B19ECD92E00DFB721 /* Debug */,
				3252F25C19ECD92E00DFB721 /* Release */,
			);
			defaultConfigurationIsVisible = 0;
			defaultConfigurationName = Release;
		};
/* End XCConfigurationList section */
	};
	rootObject = 3252F22E19ECD92E00DFB721 /* Project object */;
}
